PODS:
  - AFNetworking (3.2.1):
    - AFNetworking/NSURLSession (= 3.2.1)
    - AFNetworking/Reachability (= 3.2.1)
    - AFNetworking/Security (= 3.2.1)
    - AFNetworking/Serialization (= 3.2.1)
    - AFNetworking/UIKit (= 3.2.1)
  - AFNetworking/NSURLSession (3.2.1):
    - AFNetworking/Reachability
    - AFNetworking/Security
    - AFNetworking/Serialization
  - AFNetworking/Reachability (3.2.1)
  - AFNetworking/Security (3.2.1)
  - AFNetworking/Serialization (3.2.1)
  - AFNetworking/UIKit (3.2.1):
    - AFNetworking/NSURLSession
  - IQKeyboardManager (6.4.0)
  - Masonry (1.1.0)
  - MJExtension (3.1.1)
  - MJRefresh (3.2.3)
  - SDWebImage (5.1.0):
    - SDWebImage/Core (= 5.1.0)
  - SDWebImage/Core (5.1.0)
  - SVProgressHUD (2.2.5)
  - YYCache (1.0.4)

DEPENDENCIES:
  - AFNetworking
  - IQKeyboardManager
  - Masonry
  - MJExtension
  - MJRefresh
  - SDWebImage
  - SVProgressHUD
  - YYCache

SPEC REPOS:
  https://github.com/CocoaPods/Specs.git:
    - AFNetworking
    - IQKeyboardManager
    - Masonry
    - MJExtension
    - SDWebImage
    - SVProgressHUD
  trunk:
    - MJRefresh
    - YYCache

SPEC CHECKSUMS:
  AFNetworking: b6f891fdfaed196b46c7a83cf209e09697b94057
  IQKeyboardManager: fcef267266379c003181fc3592f6bdb8bf4db839
  Masonry: 678fab65091a9290e40e2832a55e7ab731aad201
  MJExtension: dfef9855ee178e1ce67f3e03b71ca4226330d87d
  MJRefresh: 2b1214a2dc8f4df4c5dcb028ea2ad4e245425fb7
  SDWebImage: fb387001955223213dde14bc08c8b73f371f8d8f
  SVProgressHUD: 1428aafac632c1f86f62aa4243ec12008d7a51d6
  YYCache: 8105b6638f5e849296c71f331ff83891a4942952

PODFILE CHECKSUM: 6953edb699e5c56b6e100ab29d8017989083e627

COCOAPODS: 1.8.4
