// !$*UTF8*$!
{
	archiveVersion = 1;
	classes = {
	};
	objectVersion = 51;
	objects = {

/* Begin PBXBuildFile section */
		4E0F9DFD2382F32F0093BF86 /* BaseVC.m in Sources */ = {isa = PBXBuildFile; fileRef = 4E0F9DFC2382F32F0093BF86 /* BaseVC.m */; };
		4E0F9E042382F4830093BF86 /* UIColor+HexString.m in Sources */ = {isa = PBXBuildFile; fileRef = 4E0F9E032382F4830093BF86 /* UIColor+HexString.m */; };
		4E0F9E072382F5200093BF86 /* BaseTableVC.m in Sources */ = {isa = PBXBuildFile; fileRef = 4E0F9E062382F5200093BF86 /* BaseTableVC.m */; };
		4E0F9E0C2382F57B0093BF86 /* ASView.m in Sources */ = {isa = PBXBuildFile; fileRef = 4E0F9E0B2382F57B0093BF86 /* ASView.m */; };
		4E0F9E0F2382F5A60093BF86 /* ASTableView.m in Sources */ = {isa = PBXBuildFile; fileRef = 4E0F9E0E2382F5A60093BF86 /* ASTableView.m */; };
		4E0F9E122382F5CB0093BF86 /* ASTableViewCell.m in Sources */ = {isa = PBXBuildFile; fileRef = 4E0F9E112382F5CB0093BF86 /* ASTableViewCell.m */; };
		4E0F9E152382F5F10093BF86 /* FadeInFadeOutView.m in Sources */ = {isa = PBXBuildFile; fileRef = 4E0F9E142382F5F10093BF86 /* FadeInFadeOutView.m */; };
		4E0F9E182382F6A50093BF86 /* BaseNavigationController.m in Sources */ = {isa = PBXBuildFile; fileRef = 4E0F9E172382F6A50093BF86 /* BaseNavigationController.m */; };
		4E0F9E1B2382F7790093BF86 /* BaseNavigationController+SVProgressHud.m in Sources */ = {isa = PBXBuildFile; fileRef = 4E0F9E1A2382F7790093BF86 /* BaseNavigationController+SVProgressHud.m */; };
		4E0F9E222382FA770093BF86 /* HomeVC.m in Sources */ = {isa = PBXBuildFile; fileRef = 4E0F9E212382FA770093BF86 /* HomeVC.m */; };
		4E14EC87238C711000C227FA /* CDZQRScanView.m in Sources */ = {isa = PBXBuildFile; fileRef = 4E14EC86238C711000C227FA /* CDZQRScanView.m */; };
		4E3082802385530100AF28D2 /* ProblemMaintenanceListVC.m in Sources */ = {isa = PBXBuildFile; fileRef = 4E30827F2385530100AF28D2 /* ProblemMaintenanceListVC.m */; };
		4E552F8F2387038500FC198B /* ProblemGroupCheckDetailVC.m in Sources */ = {isa = PBXBuildFile; fileRef = 4E552F8E2387038500FC198B /* ProblemGroupCheckDetailVC.m */; };
		4E552F922387042A00FC198B /* BasePageVC.m in Sources */ = {isa = PBXBuildFile; fileRef = 4E552F912387042A00FC198B /* BasePageVC.m */; };
		4E552F952387065C00FC198B /* ProblemGroupCheckDetailItemCell.m in Sources */ = {isa = PBXBuildFile; fileRef = 4E552F942387065C00FC198B /* ProblemGroupCheckDetailItemCell.m */; };
		4E552F982387115000FC198B /* ProblemWholeCheckListVC.m in Sources */ = {isa = PBXBuildFile; fileRef = 4E552F972387115000FC198B /* ProblemWholeCheckListVC.m */; };
		4E552F9C2387126300FC198B /* ProblemWholeCheckItemCell.m in Sources */ = {isa = PBXBuildFile; fileRef = 4E552F9B2387126300FC198B /* ProblemWholeCheckItemCell.m */; };
		4E552F9F238713F900FC198B /* ProblemWholeCheckItemVC.m in Sources */ = {isa = PBXBuildFile; fileRef = 4E552F9E238713F900FC198B /* ProblemWholeCheckItemVC.m */; };
		4E552FA2238714E100FC198B /* ProblemWholeCheckDetailVC.m in Sources */ = {isa = PBXBuildFile; fileRef = 4E552FA1238714E100FC198B /* ProblemWholeCheckDetailVC.m */; };
		4E552FA52387183D00FC198B /* ProblemWholeCheckDetailItemCell.m in Sources */ = {isa = PBXBuildFile; fileRef = 4E552FA42387183D00FC198B /* ProblemWholeCheckDetailItemCell.m */; };
		4E552FB123871CFB00FC198B /* ProblemWholeCheckSubmitVC.m in Sources */ = {isa = PBXBuildFile; fileRef = 4E552FB023871CFB00FC198B /* ProblemWholeCheckSubmitVC.m */; };
		4E552FB4238738C700FC198B /* ProblemWholeCheckSubmitTitleCell.m in Sources */ = {isa = PBXBuildFile; fileRef = 4E552FB3238738C700FC198B /* ProblemWholeCheckSubmitTitleCell.m */; };
		4E552FB723873A3100FC198B /* ProblemWholeCheckSubmitInfoCell.m in Sources */ = {isa = PBXBuildFile; fileRef = 4E552FB623873A3100FC198B /* ProblemWholeCheckSubmitInfoCell.m */; };
		4E552FBA23873CB700FC198B /* ProblemWholeCheckSubmitSegmentControlCell.m in Sources */ = {isa = PBXBuildFile; fileRef = 4E552FB923873CB700FC198B /* ProblemWholeCheckSubmitSegmentControlCell.m */; };
		4E552FBD2387440800FC198B /* ProblemWholeCheckSubmitAttachmentCell.m in Sources */ = {isa = PBXBuildFile; fileRef = 4E552FBC2387440800FC198B /* ProblemWholeCheckSubmitAttachmentCell.m */; };
		4E552FC22387493400FC198B /* SeasoningManagementVC.m in Sources */ = {isa = PBXBuildFile; fileRef = 4E552FC12387493400FC198B /* SeasoningManagementVC.m */; };
		4E552FC623874A5F00FC198B /* SeasoningManagementFirstCell.m in Sources */ = {isa = PBXBuildFile; fileRef = 4E552FC523874A5F00FC198B /* SeasoningManagementFirstCell.m */; };
		4E552FC923874A7100FC198B /* SeasoningManagementSecondCell.m in Sources */ = {isa = PBXBuildFile; fileRef = 4E552FC823874A7100FC198B /* SeasoningManagementSecondCell.m */; };
		4E552FCC23874FEC00FC198B /* SeasoningManagementScanBarcodeVC.m in Sources */ = {isa = PBXBuildFile; fileRef = 4E552FCB23874FEC00FC198B /* SeasoningManagementScanBarcodeVC.m */; };
		4E552FD5238753B000FC198B /* LoginVC.m in Sources */ = {isa = PBXBuildFile; fileRef = 4E552FD4238753AF00FC198B /* LoginVC.m */; };
		4E552FD8238753BE00FC198B /* LoginTimeoutVC.m in Sources */ = {isa = PBXBuildFile; fileRef = 4E552FD7238753BE00FC198B /* LoginTimeoutVC.m */; };
		4E5A35F32385BC3600ECB3B6 /* ProblemMaintenanceItemCell.m in Sources */ = {isa = PBXBuildFile; fileRef = 4E5A35F22385BC3600ECB3B6 /* ProblemMaintenanceItemCell.m */; };
		4E5A35F62385BF0800ECB3B6 /* ProblemMaintenanceDetailVC.m in Sources */ = {isa = PBXBuildFile; fileRef = 4E5A35F52385BF0800ECB3B6 /* ProblemMaintenanceDetailVC.m */; };
		4E5A35FA2385E44000ECB3B6 /* ProblemMaintenanceDetailTitleCell.m in Sources */ = {isa = PBXBuildFile; fileRef = 4E5A35F92385E44000ECB3B6 /* ProblemMaintenanceDetailTitleCell.m */; };
		4E5A35FD2385E48100ECB3B6 /* ProblemMaintenanceDetailReportInfoCell.m in Sources */ = {isa = PBXBuildFile; fileRef = 4E5A35FC2385E48100ECB3B6 /* ProblemMaintenanceDetailReportInfoCell.m */; };
		4E5A36002385E49F00ECB3B6 /* ProblemMaintenanceDetailInfoCell.m in Sources */ = {isa = PBXBuildFile; fileRef = 4E5A35FF2385E49F00ECB3B6 /* ProblemMaintenanceDetailInfoCell.m */; };
		4E5A36032385F66500ECB3B6 /* ProblemMaintenanceConfirmationListVC.m in Sources */ = {isa = PBXBuildFile; fileRef = 4E5A36022385F66500ECB3B6 /* ProblemMaintenanceConfirmationListVC.m */; };
		4E5A36062385F71B00ECB3B6 /* ProblemMaintenanceConfirmationItemCell.m in Sources */ = {isa = PBXBuildFile; fileRef = 4E5A36052385F71B00ECB3B6 /* ProblemMaintenanceConfirmationItemCell.m */; };
		4E5A36092385FB3500ECB3B6 /* ProblemPeriodicalMaintenanceListVC.m in Sources */ = {isa = PBXBuildFile; fileRef = 4E5A36082385FB3500ECB3B6 /* ProblemPeriodicalMaintenanceListVC.m */; };
		4E5A360C2385FD4C00ECB3B6 /* ProblemPeriodicalMaintenanceItemCell.m in Sources */ = {isa = PBXBuildFile; fileRef = 4E5A360B2385FD4C00ECB3B6 /* ProblemPeriodicalMaintenanceItemCell.m */; };
		4E5A360F238600AF00ECB3B6 /* ProblemPeriodicalMaintenanceDetailVC.m in Sources */ = {isa = PBXBuildFile; fileRef = 4E5A360E238600AF00ECB3B6 /* ProblemPeriodicalMaintenanceDetailVC.m */; };
		4E5A361323867BA000ECB3B6 /* ProblemPeriodicalMaintenanceDetailTitleCell.m in Sources */ = {isa = PBXBuildFile; fileRef = 4E5A361223867BA000ECB3B6 /* ProblemPeriodicalMaintenanceDetailTitleCell.m */; };
		4E5A361623867BE000ECB3B6 /* ProblemPeriodicalMaintenanceDetailInfoCell.m in Sources */ = {isa = PBXBuildFile; fileRef = 4E5A361523867BE000ECB3B6 /* ProblemPeriodicalMaintenanceDetailInfoCell.m */; };
		4E5A361923867C3300ECB3B6 /* ProblemPeriodicalMaintenanceDetailAttachmentCell.m in Sources */ = {isa = PBXBuildFile; fileRef = 4E5A361823867C3300ECB3B6 /* ProblemPeriodicalMaintenanceDetailAttachmentCell.m */; };
		4E5A361C2386962600ECB3B6 /* ProblemMaintenancePlanListVC.m in Sources */ = {isa = PBXBuildFile; fileRef = 4E5A361B2386962600ECB3B6 /* ProblemMaintenancePlanListVC.m */; };
		4E5A3620238696EF00ECB3B6 /* ProblemMaintenancePlanItemCell.m in Sources */ = {isa = PBXBuildFile; fileRef = 4E5A361F238696EF00ECB3B6 /* ProblemMaintenancePlanItemCell.m */; };
		4E5A3623238698B800ECB3B6 /* ProblemMaintenancePlanDetailVC.m in Sources */ = {isa = PBXBuildFile; fileRef = 4E5A3622238698B800ECB3B6 /* ProblemMaintenancePlanDetailVC.m */; };
		4E5A36262386992100ECB3B6 /* ProblemMaintenancePlanDetailTitleCell.m in Sources */ = {isa = PBXBuildFile; fileRef = 4E5A36252386992100ECB3B6 /* ProblemMaintenancePlanDetailTitleCell.m */; };
		4E5A36292386994F00ECB3B6 /* ProblemMaintenancePlanDetailInfoCell.m in Sources */ = {isa = PBXBuildFile; fileRef = 4E5A36282386994F00ECB3B6 /* ProblemMaintenancePlanDetailInfoCell.m */; };
		4E5A362C2386A02700ECB3B6 /* ProblemGroupCheckListVC.m in Sources */ = {isa = PBXBuildFile; fileRef = 4E5A362B2386A02700ECB3B6 /* ProblemGroupCheckListVC.m */; };
		4E5A36302386A1E100ECB3B6 /* ProblemGroupCheckItemCell.m in Sources */ = {isa = PBXBuildFile; fileRef = 4E5A362F2386A1E100ECB3B6 /* ProblemGroupCheckItemCell.m */; };
		4E5A36332386A3DC00ECB3B6 /* ProblemGroupCheckItemVC.m in Sources */ = {isa = PBXBuildFile; fileRef = 4E5A36322386A3DC00ECB3B6 /* ProblemGroupCheckItemVC.m */; };
		4E5A36362386B2EC00ECB3B6 /* SegmentTitlesView.m in Sources */ = {isa = PBXBuildFile; fileRef = 4E5A36352386B2EC00ECB3B6 /* SegmentTitlesView.m */; };
		4E5A36392386B64700ECB3B6 /* ProblemCheckTitleView.m in Sources */ = {isa = PBXBuildFile; fileRef = 4E5A36382386B64700ECB3B6 /* ProblemCheckTitleView.m */; };
		4E5D9A1F2387CF1300B42D2A /* LoginInputView.m in Sources */ = {isa = PBXBuildFile; fileRef = 4E5D9A1E2387CF1300B42D2A /* LoginInputView.m */; };
		4E5D9A222387D59900B42D2A /* UIView+Kit.m in Sources */ = {isa = PBXBuildFile; fileRef = 4E5D9A212387D59900B42D2A /* UIView+Kit.m */; };
		4E5D9A252387E0DE00B42D2A /* UIButton+HDTool.m in Sources */ = {isa = PBXBuildFile; fileRef = 4E5D9A242387E0DE00B42D2A /* UIButton+HDTool.m */; };
		4E5D9A282387E2E600B42D2A /* LoginTimeoutHintCell.m in Sources */ = {isa = PBXBuildFile; fileRef = 4E5D9A272387E2E600B42D2A /* LoginTimeoutHintCell.m */; };
		4E9100A423829E6800DD195A /* AppDelegate.m in Sources */ = {isa = PBXBuildFile; fileRef = 4E9100A323829E6800DD195A /* AppDelegate.m */; };
		4E9100AF23829E6900DD195A /* Assets.xcassets in Resources */ = {isa = PBXBuildFile; fileRef = 4E9100AE23829E6900DD195A /* Assets.xcassets */; };
		4E9100B223829E6900DD195A /* LaunchScreen.storyboard in Resources */ = {isa = PBXBuildFile; fileRef = 4E9100B023829E6900DD195A /* LaunchScreen.storyboard */; };
		4E9100B523829E6900DD195A /* main.m in Sources */ = {isa = PBXBuildFile; fileRef = 4E9100B423829E6900DD195A /* main.m */; };
		4EBCB29123964E2900906FE4 /* EESHttpDigger.m in Sources */ = {isa = PBXBuildFile; fileRef = 4EBCB29023964E2900906FE4 /* EESHttpDigger.m */; };
		4EBCB29423969D6A00906FE4 /* HomeFunctionModuleModel.m in Sources */ = {isa = PBXBuildFile; fileRef = 4EBCB29323969D6A00906FE4 /* HomeFunctionModuleModel.m */; };
		4ECDAACF23852F030063FFF9 /* ProblemSearchBar.m in Sources */ = {isa = PBXBuildFile; fileRef = 4ECDAACE23852F030063FFF9 /* ProblemSearchBar.m */; };
		4ECDAAD223852FE60063FFF9 /* UITextField+QuickTextField.m in Sources */ = {isa = PBXBuildFile; fileRef = 4ECDAAD123852FE60063FFF9 /* UITextField+QuickTextField.m */; };
		4EDA8287238FD340009B0C79 /* NSString+JSON.m in Sources */ = {isa = PBXBuildFile; fileRef = 4EDA8286238FD340009B0C79 /* NSString+JSON.m */; };
		4EDB750C2383DB0600A0BC84 /* HomeMenuUserCell.m in Sources */ = {isa = PBXBuildFile; fileRef = 4EDB750B2383DB0600A0BC84 /* HomeMenuUserCell.m */; };
		4EDB750F2383DC1D00A0BC84 /* UITableViewCell+CellIdentifier.m in Sources */ = {isa = PBXBuildFile; fileRef = 4EDB750E2383DC1D00A0BC84 /* UITableViewCell+CellIdentifier.m */; };
		4EDB75122383DC5800A0BC84 /* UICollectionViewCell+CellIdentifier.m in Sources */ = {isa = PBXBuildFile; fileRef = 4EDB75112383DC5800A0BC84 /* UICollectionViewCell+CellIdentifier.m */; };
		4EDB75152383DCD900A0BC84 /* HomeMenuFunctionCell.m in Sources */ = {isa = PBXBuildFile; fileRef = 4EDB75142383DCD900A0BC84 /* HomeMenuFunctionCell.m */; };
		4EDB75182383DE3900A0BC84 /* UILabel+QuickLabel.m in Sources */ = {isa = PBXBuildFile; fileRef = 4EDB75172383DE3900A0BC84 /* UILabel+QuickLabel.m */; };
		4EDB751B2383DFD700A0BC84 /* UIImageView+SetImage.m in Sources */ = {isa = PBXBuildFile; fileRef = 4EDB751A2383DFD700A0BC84 /* UIImageView+SetImage.m */; };
		4EDB751E2383E4F500A0BC84 /* HomeFunctionModulesVC.m in Sources */ = {isa = PBXBuildFile; fileRef = 4EDB751D2383E4F500A0BC84 /* HomeFunctionModulesVC.m */; };
		4EDB75212383E8F500A0BC84 /* HomeFunctionModuleCell.m in Sources */ = {isa = PBXBuildFile; fileRef = 4EDB75202383E8F500A0BC84 /* HomeFunctionModuleCell.m */; };
		4EDB75252383ED5F00A0BC84 /* GlobalTool.m in Sources */ = {isa = PBXBuildFile; fileRef = 4EDB75242383ED5F00A0BC84 /* GlobalTool.m */; };
		4EDB752A2383F42C00A0BC84 /* HttpDigger.m in Sources */ = {isa = PBXBuildFile; fileRef = 4EDB75292383F42C00A0BC84 /* HttpDigger.m */; };
		4EDB75312383F86A00A0BC84 /* MeInfo.m in Sources */ = {isa = PBXBuildFile; fileRef = 4EDB75302383F86A00A0BC84 /* MeInfo.m */; };
		4EDB753A2383FB8900A0BC84 /* LYLUnicode.m in Sources */ = {isa = PBXBuildFile; fileRef = 4EDB75392383FB8900A0BC84 /* LYLUnicode.m */; };
		4EDB75402384400800A0BC84 /* ProblemNewReportVC.m in Sources */ = {isa = PBXBuildFile; fileRef = 4EDB753F2384400800A0BC84 /* ProblemNewReportVC.m */; };
		4EDB75432384415200A0BC84 /* ProblemNewReportSelectionCell.m in Sources */ = {isa = PBXBuildFile; fileRef = 4EDB75422384415200A0BC84 /* ProblemNewReportSelectionCell.m */; };
		4EDB75462384417E00A0BC84 /* ProblemNewReportContentCell.m in Sources */ = {isa = PBXBuildFile; fileRef = 4EDB75452384417E00A0BC84 /* ProblemNewReportContentCell.m */; };
		4EDB75492384528C00A0BC84 /* ProblemAnswerSelectionVC.m in Sources */ = {isa = PBXBuildFile; fileRef = 4EDB75482384528C00A0BC84 /* ProblemAnswerSelectionVC.m */; };
		4EE72F9D23849E0800A569E4 /* ProblemReportListVC.m in Sources */ = {isa = PBXBuildFile; fileRef = 4EE72F9C23849E0800A569E4 /* ProblemReportListVC.m */; };
		4EE72FA023849ECD00A569E4 /* ProblemReportItemCell.m in Sources */ = {isa = PBXBuildFile; fileRef = 4EE72F9F23849ECD00A569E4 /* ProblemReportItemCell.m */; };
		4EE8A06E23831EB8000BC409 /* HomeMenuVC.m in Sources */ = {isa = PBXBuildFile; fileRef = 4EE8A06D23831EB8000BC409 /* HomeMenuVC.m */; };
		F6360284B686D3B9C7399DD6 /* Pods_EES.framework in Frameworks */ = {isa = PBXBuildFile; fileRef = 5FEED5B62B17C97C013F5E08 /* Pods_EES.framework */; };
/* End PBXBuildFile section */

/* Begin PBXFileReference section */
		4E0F9DFB2382F32F0093BF86 /* BaseVC.h */ = {isa = PBXFileReference; lastKnownFileType = sourcecode.c.h; path = BaseVC.h; sourceTree = "<group>"; };
		4E0F9DFC2382F32F0093BF86 /* BaseVC.m */ = {isa = PBXFileReference; lastKnownFileType = sourcecode.c.objc; path = BaseVC.m; sourceTree = "<group>"; };
		4E0F9DFE2382F3810093BF86 /* EES.pch */ = {isa = PBXFileReference; lastKnownFileType = sourcecode.c.h; path = EES.pch; sourceTree = "<group>"; };
		4E0F9E002382F4450093BF86 /* MacroOfTool.h */ = {isa = PBXFileReference; lastKnownFileType = sourcecode.c.h; path = MacroOfTool.h; sourceTree = "<group>"; };
		4E0F9E022382F4830093BF86 /* UIColor+HexString.h */ = {isa = PBXFileReference; lastKnownFileType = sourcecode.c.h; path = "UIColor+HexString.h"; sourceTree = "<group>"; };
		4E0F9E032382F4830093BF86 /* UIColor+HexString.m */ = {isa = PBXFileReference; lastKnownFileType = sourcecode.c.objc; path = "UIColor+HexString.m"; sourceTree = "<group>"; };
		4E0F9E052382F5200093BF86 /* BaseTableVC.h */ = {isa = PBXFileReference; lastKnownFileType = sourcecode.c.h; path = BaseTableVC.h; sourceTree = "<group>"; };
		4E0F9E062382F5200093BF86 /* BaseTableVC.m */ = {isa = PBXFileReference; lastKnownFileType = sourcecode.c.objc; path = BaseTableVC.m; sourceTree = "<group>"; };
		4E0F9E0A2382F57B0093BF86 /* ASView.h */ = {isa = PBXFileReference; lastKnownFileType = sourcecode.c.h; path = ASView.h; sourceTree = "<group>"; };
		4E0F9E0B2382F57B0093BF86 /* ASView.m */ = {isa = PBXFileReference; lastKnownFileType = sourcecode.c.objc; path = ASView.m; sourceTree = "<group>"; };
		4E0F9E0D2382F5A60093BF86 /* ASTableView.h */ = {isa = PBXFileReference; lastKnownFileType = sourcecode.c.h; path = ASTableView.h; sourceTree = "<group>"; };
		4E0F9E0E2382F5A60093BF86 /* ASTableView.m */ = {isa = PBXFileReference; lastKnownFileType = sourcecode.c.objc; path = ASTableView.m; sourceTree = "<group>"; };
		4E0F9E102382F5CB0093BF86 /* ASTableViewCell.h */ = {isa = PBXFileReference; lastKnownFileType = sourcecode.c.h; path = ASTableViewCell.h; sourceTree = "<group>"; };
		4E0F9E112382F5CB0093BF86 /* ASTableViewCell.m */ = {isa = PBXFileReference; lastKnownFileType = sourcecode.c.objc; path = ASTableViewCell.m; sourceTree = "<group>"; };
		4E0F9E132382F5F10093BF86 /* FadeInFadeOutView.h */ = {isa = PBXFileReference; lastKnownFileType = sourcecode.c.h; path = FadeInFadeOutView.h; sourceTree = "<group>"; };
		4E0F9E142382F5F10093BF86 /* FadeInFadeOutView.m */ = {isa = PBXFileReference; lastKnownFileType = sourcecode.c.objc; path = FadeInFadeOutView.m; sourceTree = "<group>"; };
		4E0F9E162382F6A50093BF86 /* BaseNavigationController.h */ = {isa = PBXFileReference; lastKnownFileType = sourcecode.c.h; path = BaseNavigationController.h; sourceTree = "<group>"; };
		4E0F9E172382F6A50093BF86 /* BaseNavigationController.m */ = {isa = PBXFileReference; lastKnownFileType = sourcecode.c.objc; path = BaseNavigationController.m; sourceTree = "<group>"; };
		4E0F9E192382F7790093BF86 /* BaseNavigationController+SVProgressHud.h */ = {isa = PBXFileReference; lastKnownFileType = sourcecode.c.h; path = "BaseNavigationController+SVProgressHud.h"; sourceTree = "<group>"; };
		4E0F9E1A2382F7790093BF86 /* BaseNavigationController+SVProgressHud.m */ = {isa = PBXFileReference; lastKnownFileType = sourcecode.c.objc; path = "BaseNavigationController+SVProgressHud.m"; sourceTree = "<group>"; };
		4E0F9E202382FA770093BF86 /* HomeVC.h */ = {isa = PBXFileReference; lastKnownFileType = sourcecode.c.h; path = HomeVC.h; sourceTree = "<group>"; };
		4E0F9E212382FA770093BF86 /* HomeVC.m */ = {isa = PBXFileReference; lastKnownFileType = sourcecode.c.objc; path = HomeVC.m; sourceTree = "<group>"; };
		4E14EC85238C711000C227FA /* CDZQRScanView.h */ = {isa = PBXFileReference; fileEncoding = 4; lastKnownFileType = sourcecode.c.h; path = CDZQRScanView.h; sourceTree = "<group>"; };
		4E14EC86238C711000C227FA /* CDZQRScanView.m */ = {isa = PBXFileReference; fileEncoding = 4; lastKnownFileType = sourcecode.c.objc; path = CDZQRScanView.m; sourceTree = "<group>"; };
		4E30827E2385530100AF28D2 /* ProblemMaintenanceListVC.h */ = {isa = PBXFileReference; lastKnownFileType = sourcecode.c.h; path = ProblemMaintenanceListVC.h; sourceTree = "<group>"; };
		4E30827F2385530100AF28D2 /* ProblemMaintenanceListVC.m */ = {isa = PBXFileReference; lastKnownFileType = sourcecode.c.objc; path = ProblemMaintenanceListVC.m; sourceTree = "<group>"; };
		4E552F8D2387038500FC198B /* ProblemGroupCheckDetailVC.h */ = {isa = PBXFileReference; lastKnownFileType = sourcecode.c.h; path = ProblemGroupCheckDetailVC.h; sourceTree = "<group>"; };
		4E552F8E2387038500FC198B /* ProblemGroupCheckDetailVC.m */ = {isa = PBXFileReference; lastKnownFileType = sourcecode.c.objc; path = ProblemGroupCheckDetailVC.m; sourceTree = "<group>"; };
		4E552F902387042A00FC198B /* BasePageVC.h */ = {isa = PBXFileReference; lastKnownFileType = sourcecode.c.h; path = BasePageVC.h; sourceTree = "<group>"; };
		4E552F912387042A00FC198B /* BasePageVC.m */ = {isa = PBXFileReference; lastKnownFileType = sourcecode.c.objc; path = BasePageVC.m; sourceTree = "<group>"; };
		4E552F932387065C00FC198B /* ProblemGroupCheckDetailItemCell.h */ = {isa = PBXFileReference; lastKnownFileType = sourcecode.c.h; path = ProblemGroupCheckDetailItemCell.h; sourceTree = "<group>"; };
		4E552F942387065C00FC198B /* ProblemGroupCheckDetailItemCell.m */ = {isa = PBXFileReference; lastKnownFileType = sourcecode.c.objc; path = ProblemGroupCheckDetailItemCell.m; sourceTree = "<group>"; };
		4E552F962387115000FC198B /* ProblemWholeCheckListVC.h */ = {isa = PBXFileReference; lastKnownFileType = sourcecode.c.h; path = ProblemWholeCheckListVC.h; sourceTree = "<group>"; };
		4E552F972387115000FC198B /* ProblemWholeCheckListVC.m */ = {isa = PBXFileReference; lastKnownFileType = sourcecode.c.objc; path = ProblemWholeCheckListVC.m; sourceTree = "<group>"; };
		4E552F9A2387126300FC198B /* ProblemWholeCheckItemCell.h */ = {isa = PBXFileReference; lastKnownFileType = sourcecode.c.h; path = ProblemWholeCheckItemCell.h; sourceTree = "<group>"; };
		4E552F9B2387126300FC198B /* ProblemWholeCheckItemCell.m */ = {isa = PBXFileReference; lastKnownFileType = sourcecode.c.objc; path = ProblemWholeCheckItemCell.m; sourceTree = "<group>"; };
		4E552F9D238713F900FC198B /* ProblemWholeCheckItemVC.h */ = {isa = PBXFileReference; lastKnownFileType = sourcecode.c.h; path = ProblemWholeCheckItemVC.h; sourceTree = "<group>"; };
		4E552F9E238713F900FC198B /* ProblemWholeCheckItemVC.m */ = {isa = PBXFileReference; lastKnownFileType = sourcecode.c.objc; path = ProblemWholeCheckItemVC.m; sourceTree = "<group>"; };
		4E552FA0238714E100FC198B /* ProblemWholeCheckDetailVC.h */ = {isa = PBXFileReference; lastKnownFileType = sourcecode.c.h; path = ProblemWholeCheckDetailVC.h; sourceTree = "<group>"; };
		4E552FA1238714E100FC198B /* ProblemWholeCheckDetailVC.m */ = {isa = PBXFileReference; lastKnownFileType = sourcecode.c.objc; path = ProblemWholeCheckDetailVC.m; sourceTree = "<group>"; };
		4E552FA32387183D00FC198B /* ProblemWholeCheckDetailItemCell.h */ = {isa = PBXFileReference; lastKnownFileType = sourcecode.c.h; path = ProblemWholeCheckDetailItemCell.h; sourceTree = "<group>"; };
		4E552FA42387183D00FC198B /* ProblemWholeCheckDetailItemCell.m */ = {isa = PBXFileReference; lastKnownFileType = sourcecode.c.objc; path = ProblemWholeCheckDetailItemCell.m; sourceTree = "<group>"; };
		4E552FAF23871CFB00FC198B /* ProblemWholeCheckSubmitVC.h */ = {isa = PBXFileReference; lastKnownFileType = sourcecode.c.h; path = ProblemWholeCheckSubmitVC.h; sourceTree = "<group>"; };
		4E552FB023871CFB00FC198B /* ProblemWholeCheckSubmitVC.m */ = {isa = PBXFileReference; lastKnownFileType = sourcecode.c.objc; path = ProblemWholeCheckSubmitVC.m; sourceTree = "<group>"; };
		4E552FB2238738C700FC198B /* ProblemWholeCheckSubmitTitleCell.h */ = {isa = PBXFileReference; lastKnownFileType = sourcecode.c.h; path = ProblemWholeCheckSubmitTitleCell.h; sourceTree = "<group>"; };
		4E552FB3238738C700FC198B /* ProblemWholeCheckSubmitTitleCell.m */ = {isa = PBXFileReference; lastKnownFileType = sourcecode.c.objc; path = ProblemWholeCheckSubmitTitleCell.m; sourceTree = "<group>"; };
		4E552FB523873A3100FC198B /* ProblemWholeCheckSubmitInfoCell.h */ = {isa = PBXFileReference; lastKnownFileType = sourcecode.c.h; path = ProblemWholeCheckSubmitInfoCell.h; sourceTree = "<group>"; };
		4E552FB623873A3100FC198B /* ProblemWholeCheckSubmitInfoCell.m */ = {isa = PBXFileReference; lastKnownFileType = sourcecode.c.objc; path = ProblemWholeCheckSubmitInfoCell.m; sourceTree = "<group>"; };
		4E552FB823873CB700FC198B /* ProblemWholeCheckSubmitSegmentControlCell.h */ = {isa = PBXFileReference; lastKnownFileType = sourcecode.c.h; path = ProblemWholeCheckSubmitSegmentControlCell.h; sourceTree = "<group>"; };
		4E552FB923873CB700FC198B /* ProblemWholeCheckSubmitSegmentControlCell.m */ = {isa = PBXFileReference; lastKnownFileType = sourcecode.c.objc; path = ProblemWholeCheckSubmitSegmentControlCell.m; sourceTree = "<group>"; };
		4E552FBB2387440800FC198B /* ProblemWholeCheckSubmitAttachmentCell.h */ = {isa = PBXFileReference; lastKnownFileType = sourcecode.c.h; path = ProblemWholeCheckSubmitAttachmentCell.h; sourceTree = "<group>"; };
		4E552FBC2387440800FC198B /* ProblemWholeCheckSubmitAttachmentCell.m */ = {isa = PBXFileReference; lastKnownFileType = sourcecode.c.objc; path = ProblemWholeCheckSubmitAttachmentCell.m; sourceTree = "<group>"; };
		4E552FC02387493400FC198B /* SeasoningManagementVC.h */ = {isa = PBXFileReference; lastKnownFileType = sourcecode.c.h; path = SeasoningManagementVC.h; sourceTree = "<group>"; };
		4E552FC12387493400FC198B /* SeasoningManagementVC.m */ = {isa = PBXFileReference; lastKnownFileType = sourcecode.c.objc; path = SeasoningManagementVC.m; sourceTree = "<group>"; };
		4E552FC423874A5F00FC198B /* SeasoningManagementFirstCell.h */ = {isa = PBXFileReference; lastKnownFileType = sourcecode.c.h; path = SeasoningManagementFirstCell.h; sourceTree = "<group>"; };
		4E552FC523874A5F00FC198B /* SeasoningManagementFirstCell.m */ = {isa = PBXFileReference; lastKnownFileType = sourcecode.c.objc; path = SeasoningManagementFirstCell.m; sourceTree = "<group>"; };
		4E552FC723874A7100FC198B /* SeasoningManagementSecondCell.h */ = {isa = PBXFileReference; lastKnownFileType = sourcecode.c.h; path = SeasoningManagementSecondCell.h; sourceTree = "<group>"; };
		4E552FC823874A7100FC198B /* SeasoningManagementSecondCell.m */ = {isa = PBXFileReference; lastKnownFileType = sourcecode.c.objc; path = SeasoningManagementSecondCell.m; sourceTree = "<group>"; };
		4E552FCA23874FEC00FC198B /* SeasoningManagementScanBarcodeVC.h */ = {isa = PBXFileReference; lastKnownFileType = sourcecode.c.h; path = SeasoningManagementScanBarcodeVC.h; sourceTree = "<group>"; };
		4E552FCB23874FEC00FC198B /* SeasoningManagementScanBarcodeVC.m */ = {isa = PBXFileReference; lastKnownFileType = sourcecode.c.objc; path = SeasoningManagementScanBarcodeVC.m; sourceTree = "<group>"; };
		4E552FD3238753AF00FC198B /* LoginVC.h */ = {isa = PBXFileReference; lastKnownFileType = sourcecode.c.h; path = LoginVC.h; sourceTree = "<group>"; };
		4E552FD4238753AF00FC198B /* LoginVC.m */ = {isa = PBXFileReference; lastKnownFileType = sourcecode.c.objc; path = LoginVC.m; sourceTree = "<group>"; };
		4E552FD6238753BE00FC198B /* LoginTimeoutVC.h */ = {isa = PBXFileReference; lastKnownFileType = sourcecode.c.h; path = LoginTimeoutVC.h; sourceTree = "<group>"; };
		4E552FD7238753BE00FC198B /* LoginTimeoutVC.m */ = {isa = PBXFileReference; lastKnownFileType = sourcecode.c.objc; path = LoginTimeoutVC.m; sourceTree = "<group>"; };
		4E5A35F12385BC3600ECB3B6 /* ProblemMaintenanceItemCell.h */ = {isa = PBXFileReference; lastKnownFileType = sourcecode.c.h; path = ProblemMaintenanceItemCell.h; sourceTree = "<group>"; };
		4E5A35F22385BC3600ECB3B6 /* ProblemMaintenanceItemCell.m */ = {isa = PBXFileReference; lastKnownFileType = sourcecode.c.objc; path = ProblemMaintenanceItemCell.m; sourceTree = "<group>"; };
		4E5A35F42385BF0800ECB3B6 /* ProblemMaintenanceDetailVC.h */ = {isa = PBXFileReference; lastKnownFileType = sourcecode.c.h; path = ProblemMaintenanceDetailVC.h; sourceTree = "<group>"; };
		4E5A35F52385BF0800ECB3B6 /* ProblemMaintenanceDetailVC.m */ = {isa = PBXFileReference; lastKnownFileType = sourcecode.c.objc; path = ProblemMaintenanceDetailVC.m; sourceTree = "<group>"; };
		4E5A35F82385E44000ECB3B6 /* ProblemMaintenanceDetailTitleCell.h */ = {isa = PBXFileReference; lastKnownFileType = sourcecode.c.h; path = ProblemMaintenanceDetailTitleCell.h; sourceTree = "<group>"; };
		4E5A35F92385E44000ECB3B6 /* ProblemMaintenanceDetailTitleCell.m */ = {isa = PBXFileReference; lastKnownFileType = sourcecode.c.objc; path = ProblemMaintenanceDetailTitleCell.m; sourceTree = "<group>"; };
		4E5A35FB2385E48100ECB3B6 /* ProblemMaintenanceDetailReportInfoCell.h */ = {isa = PBXFileReference; lastKnownFileType = sourcecode.c.h; path = ProblemMaintenanceDetailReportInfoCell.h; sourceTree = "<group>"; };
		4E5A35FC2385E48100ECB3B6 /* ProblemMaintenanceDetailReportInfoCell.m */ = {isa = PBXFileReference; lastKnownFileType = sourcecode.c.objc; path = ProblemMaintenanceDetailReportInfoCell.m; sourceTree = "<group>"; };
		4E5A35FE2385E49F00ECB3B6 /* ProblemMaintenanceDetailInfoCell.h */ = {isa = PBXFileReference; lastKnownFileType = sourcecode.c.h; path = ProblemMaintenanceDetailInfoCell.h; sourceTree = "<group>"; };
		4E5A35FF2385E49F00ECB3B6 /* ProblemMaintenanceDetailInfoCell.m */ = {isa = PBXFileReference; lastKnownFileType = sourcecode.c.objc; path = ProblemMaintenanceDetailInfoCell.m; sourceTree = "<group>"; };
		4E5A36012385F66500ECB3B6 /* ProblemMaintenanceConfirmationListVC.h */ = {isa = PBXFileReference; lastKnownFileType = sourcecode.c.h; path = ProblemMaintenanceConfirmationListVC.h; sourceTree = "<group>"; };
		4E5A36022385F66500ECB3B6 /* ProblemMaintenanceConfirmationListVC.m */ = {isa = PBXFileReference; lastKnownFileType = sourcecode.c.objc; path = ProblemMaintenanceConfirmationListVC.m; sourceTree = "<group>"; };
		4E5A36042385F71B00ECB3B6 /* ProblemMaintenanceConfirmationItemCell.h */ = {isa = PBXFileReference; lastKnownFileType = sourcecode.c.h; path = ProblemMaintenanceConfirmationItemCell.h; sourceTree = "<group>"; };
		4E5A36052385F71B00ECB3B6 /* ProblemMaintenanceConfirmationItemCell.m */ = {isa = PBXFileReference; lastKnownFileType = sourcecode.c.objc; path = ProblemMaintenanceConfirmationItemCell.m; sourceTree = "<group>"; };
		4E5A36072385FB3500ECB3B6 /* ProblemPeriodicalMaintenanceListVC.h */ = {isa = PBXFileReference; lastKnownFileType = sourcecode.c.h; path = ProblemPeriodicalMaintenanceListVC.h; sourceTree = "<group>"; };
		4E5A36082385FB3500ECB3B6 /* ProblemPeriodicalMaintenanceListVC.m */ = {isa = PBXFileReference; lastKnownFileType = sourcecode.c.objc; path = ProblemPeriodicalMaintenanceListVC.m; sourceTree = "<group>"; };
		4E5A360A2385FD4C00ECB3B6 /* ProblemPeriodicalMaintenanceItemCell.h */ = {isa = PBXFileReference; lastKnownFileType = sourcecode.c.h; path = ProblemPeriodicalMaintenanceItemCell.h; sourceTree = "<group>"; };
		4E5A360B2385FD4C00ECB3B6 /* ProblemPeriodicalMaintenanceItemCell.m */ = {isa = PBXFileReference; lastKnownFileType = sourcecode.c.objc; path = ProblemPeriodicalMaintenanceItemCell.m; sourceTree = "<group>"; };
		4E5A360D238600AF00ECB3B6 /* ProblemPeriodicalMaintenanceDetailVC.h */ = {isa = PBXFileReference; lastKnownFileType = sourcecode.c.h; path = ProblemPeriodicalMaintenanceDetailVC.h; sourceTree = "<group>"; };
		4E5A360E238600AF00ECB3B6 /* ProblemPeriodicalMaintenanceDetailVC.m */ = {isa = PBXFileReference; lastKnownFileType = sourcecode.c.objc; path = ProblemPeriodicalMaintenanceDetailVC.m; sourceTree = "<group>"; };
		4E5A361123867BA000ECB3B6 /* ProblemPeriodicalMaintenanceDetailTitleCell.h */ = {isa = PBXFileReference; lastKnownFileType = sourcecode.c.h; path = ProblemPeriodicalMaintenanceDetailTitleCell.h; sourceTree = "<group>"; };
		4E5A361223867BA000ECB3B6 /* ProblemPeriodicalMaintenanceDetailTitleCell.m */ = {isa = PBXFileReference; lastKnownFileType = sourcecode.c.objc; path = ProblemPeriodicalMaintenanceDetailTitleCell.m; sourceTree = "<group>"; };
		4E5A361423867BE000ECB3B6 /* ProblemPeriodicalMaintenanceDetailInfoCell.h */ = {isa = PBXFileReference; lastKnownFileType = sourcecode.c.h; path = ProblemPeriodicalMaintenanceDetailInfoCell.h; sourceTree = "<group>"; };
		4E5A361523867BE000ECB3B6 /* ProblemPeriodicalMaintenanceDetailInfoCell.m */ = {isa = PBXFileReference; lastKnownFileType = sourcecode.c.objc; path = ProblemPeriodicalMaintenanceDetailInfoCell.m; sourceTree = "<group>"; };
		4E5A361723867C3300ECB3B6 /* ProblemPeriodicalMaintenanceDetailAttachmentCell.h */ = {isa = PBXFileReference; lastKnownFileType = sourcecode.c.h; path = ProblemPeriodicalMaintenanceDetailAttachmentCell.h; sourceTree = "<group>"; };
		4E5A361823867C3300ECB3B6 /* ProblemPeriodicalMaintenanceDetailAttachmentCell.m */ = {isa = PBXFileReference; lastKnownFileType = sourcecode.c.objc; path = ProblemPeriodicalMaintenanceDetailAttachmentCell.m; sourceTree = "<group>"; };
		4E5A361A2386962600ECB3B6 /* ProblemMaintenancePlanListVC.h */ = {isa = PBXFileReference; lastKnownFileType = sourcecode.c.h; path = ProblemMaintenancePlanListVC.h; sourceTree = "<group>"; };
		4E5A361B2386962600ECB3B6 /* ProblemMaintenancePlanListVC.m */ = {isa = PBXFileReference; lastKnownFileType = sourcecode.c.objc; path = ProblemMaintenancePlanListVC.m; sourceTree = "<group>"; };
		4E5A361E238696EF00ECB3B6 /* ProblemMaintenancePlanItemCell.h */ = {isa = PBXFileReference; lastKnownFileType = sourcecode.c.h; path = ProblemMaintenancePlanItemCell.h; sourceTree = "<group>"; };
		4E5A361F238696EF00ECB3B6 /* ProblemMaintenancePlanItemCell.m */ = {isa = PBXFileReference; lastKnownFileType = sourcecode.c.objc; path = ProblemMaintenancePlanItemCell.m; sourceTree = "<group>"; };
		4E5A3621238698B800ECB3B6 /* ProblemMaintenancePlanDetailVC.h */ = {isa = PBXFileReference; lastKnownFileType = sourcecode.c.h; path = ProblemMaintenancePlanDetailVC.h; sourceTree = "<group>"; };
		4E5A3622238698B800ECB3B6 /* ProblemMaintenancePlanDetailVC.m */ = {isa = PBXFileReference; lastKnownFileType = sourcecode.c.objc; path = ProblemMaintenancePlanDetailVC.m; sourceTree = "<group>"; };
		4E5A36242386992100ECB3B6 /* ProblemMaintenancePlanDetailTitleCell.h */ = {isa = PBXFileReference; lastKnownFileType = sourcecode.c.h; path = ProblemMaintenancePlanDetailTitleCell.h; sourceTree = "<group>"; };
		4E5A36252386992100ECB3B6 /* ProblemMaintenancePlanDetailTitleCell.m */ = {isa = PBXFileReference; lastKnownFileType = sourcecode.c.objc; path = ProblemMaintenancePlanDetailTitleCell.m; sourceTree = "<group>"; };
		4E5A36272386994F00ECB3B6 /* ProblemMaintenancePlanDetailInfoCell.h */ = {isa = PBXFileReference; lastKnownFileType = sourcecode.c.h; path = ProblemMaintenancePlanDetailInfoCell.h; sourceTree = "<group>"; };
		4E5A36282386994F00ECB3B6 /* ProblemMaintenancePlanDetailInfoCell.m */ = {isa = PBXFileReference; lastKnownFileType = sourcecode.c.objc; path = ProblemMaintenancePlanDetailInfoCell.m; sourceTree = "<group>"; };
		4E5A362A2386A02700ECB3B6 /* ProblemGroupCheckListVC.h */ = {isa = PBXFileReference; lastKnownFileType = sourcecode.c.h; path = ProblemGroupCheckListVC.h; sourceTree = "<group>"; };
		4E5A362B2386A02700ECB3B6 /* ProblemGroupCheckListVC.m */ = {isa = PBXFileReference; lastKnownFileType = sourcecode.c.objc; path = ProblemGroupCheckListVC.m; sourceTree = "<group>"; };
		4E5A362E2386A1E100ECB3B6 /* ProblemGroupCheckItemCell.h */ = {isa = PBXFileReference; lastKnownFileType = sourcecode.c.h; path = ProblemGroupCheckItemCell.h; sourceTree = "<group>"; };
		4E5A362F2386A1E100ECB3B6 /* ProblemGroupCheckItemCell.m */ = {isa = PBXFileReference; lastKnownFileType = sourcecode.c.objc; path = ProblemGroupCheckItemCell.m; sourceTree = "<group>"; };
		4E5A36312386A3DC00ECB3B6 /* ProblemGroupCheckItemVC.h */ = {isa = PBXFileReference; lastKnownFileType = sourcecode.c.h; path = ProblemGroupCheckItemVC.h; sourceTree = "<group>"; };
		4E5A36322386A3DC00ECB3B6 /* ProblemGroupCheckItemVC.m */ = {isa = PBXFileReference; lastKnownFileType = sourcecode.c.objc; path = ProblemGroupCheckItemVC.m; sourceTree = "<group>"; };
		4E5A36342386B2EC00ECB3B6 /* SegmentTitlesView.h */ = {isa = PBXFileReference; lastKnownFileType = sourcecode.c.h; path = SegmentTitlesView.h; sourceTree = "<group>"; };
		4E5A36352386B2EC00ECB3B6 /* SegmentTitlesView.m */ = {isa = PBXFileReference; lastKnownFileType = sourcecode.c.objc; path = SegmentTitlesView.m; sourceTree = "<group>"; };
		4E5A36372386B64700ECB3B6 /* ProblemCheckTitleView.h */ = {isa = PBXFileReference; lastKnownFileType = sourcecode.c.h; path = ProblemCheckTitleView.h; sourceTree = "<group>"; };
		4E5A36382386B64700ECB3B6 /* ProblemCheckTitleView.m */ = {isa = PBXFileReference; lastKnownFileType = sourcecode.c.objc; path = ProblemCheckTitleView.m; sourceTree = "<group>"; };
		4E5D9A1D2387CF1300B42D2A /* LoginInputView.h */ = {isa = PBXFileReference; lastKnownFileType = sourcecode.c.h; path = LoginInputView.h; sourceTree = "<group>"; };
		4E5D9A1E2387CF1300B42D2A /* LoginInputView.m */ = {isa = PBXFileReference; lastKnownFileType = sourcecode.c.objc; path = LoginInputView.m; sourceTree = "<group>"; };
		4E5D9A202387D59900B42D2A /* UIView+Kit.h */ = {isa = PBXFileReference; lastKnownFileType = sourcecode.c.h; path = "UIView+Kit.h"; sourceTree = "<group>"; };
		4E5D9A212387D59900B42D2A /* UIView+Kit.m */ = {isa = PBXFileReference; lastKnownFileType = sourcecode.c.objc; path = "UIView+Kit.m"; sourceTree = "<group>"; };
		4E5D9A232387E0DE00B42D2A /* UIButton+HDTool.h */ = {isa = PBXFileReference; lastKnownFileType = sourcecode.c.h; path = "UIButton+HDTool.h"; sourceTree = "<group>"; };
		4E5D9A242387E0DE00B42D2A /* UIButton+HDTool.m */ = {isa = PBXFileReference; lastKnownFileType = sourcecode.c.objc; path = "UIButton+HDTool.m"; sourceTree = "<group>"; };
		4E5D9A262387E2E600B42D2A /* LoginTimeoutHintCell.h */ = {isa = PBXFileReference; lastKnownFileType = sourcecode.c.h; path = LoginTimeoutHintCell.h; sourceTree = "<group>"; };
		4E5D9A272387E2E600B42D2A /* LoginTimeoutHintCell.m */ = {isa = PBXFileReference; lastKnownFileType = sourcecode.c.objc; path = LoginTimeoutHintCell.m; sourceTree = "<group>"; };
		4E91009F23829E6800DD195A /* EES.app */ = {isa = PBXFileReference; explicitFileType = wrapper.application; includeInIndex = 0; path = EES.app; sourceTree = BUILT_PRODUCTS_DIR; };
		4E9100A223829E6800DD195A /* AppDelegate.h */ = {isa = PBXFileReference; lastKnownFileType = sourcecode.c.h; path = AppDelegate.h; sourceTree = "<group>"; };
		4E9100A323829E6800DD195A /* AppDelegate.m */ = {isa = PBXFileReference; lastKnownFileType = sourcecode.c.objc; path = AppDelegate.m; sourceTree = "<group>"; };
		4E9100AE23829E6900DD195A /* Assets.xcassets */ = {isa = PBXFileReference; lastKnownFileType = folder.assetcatalog; path = Assets.xcassets; sourceTree = "<group>"; };
		4E9100B123829E6900DD195A /* Base */ = {isa = PBXFileReference; lastKnownFileType = file.storyboard; name = Base; path = Base.lproj/LaunchScreen.storyboard; sourceTree = "<group>"; };
		4E9100B323829E6900DD195A /* Info.plist */ = {isa = PBXFileReference; lastKnownFileType = text.plist.xml; path = Info.plist; sourceTree = "<group>"; };
		4E9100B423829E6900DD195A /* main.m */ = {isa = PBXFileReference; lastKnownFileType = sourcecode.c.objc; path = main.m; sourceTree = "<group>"; };
		4EBCB28F23964E2900906FE4 /* EESHttpDigger.h */ = {isa = PBXFileReference; lastKnownFileType = sourcecode.c.h; path = EESHttpDigger.h; sourceTree = "<group>"; };
		4EBCB29023964E2900906FE4 /* EESHttpDigger.m */ = {isa = PBXFileReference; lastKnownFileType = sourcecode.c.objc; path = EESHttpDigger.m; sourceTree = "<group>"; };
		4EBCB29223969D6A00906FE4 /* HomeFunctionModuleModel.h */ = {isa = PBXFileReference; lastKnownFileType = sourcecode.c.h; path = HomeFunctionModuleModel.h; sourceTree = "<group>"; };
		4EBCB29323969D6A00906FE4 /* HomeFunctionModuleModel.m */ = {isa = PBXFileReference; lastKnownFileType = sourcecode.c.objc; path = HomeFunctionModuleModel.m; sourceTree = "<group>"; };
		4ECDAACD23852F030063FFF9 /* ProblemSearchBar.h */ = {isa = PBXFileReference; lastKnownFileType = sourcecode.c.h; path = ProblemSearchBar.h; sourceTree = "<group>"; };
		4ECDAACE23852F030063FFF9 /* ProblemSearchBar.m */ = {isa = PBXFileReference; lastKnownFileType = sourcecode.c.objc; path = ProblemSearchBar.m; sourceTree = "<group>"; };
		4ECDAAD023852FE60063FFF9 /* UITextField+QuickTextField.h */ = {isa = PBXFileReference; lastKnownFileType = sourcecode.c.h; path = "UITextField+QuickTextField.h"; sourceTree = "<group>"; };
		4ECDAAD123852FE60063FFF9 /* UITextField+QuickTextField.m */ = {isa = PBXFileReference; lastKnownFileType = sourcecode.c.objc; path = "UITextField+QuickTextField.m"; sourceTree = "<group>"; };
		4EDA8285238FD340009B0C79 /* NSString+JSON.h */ = {isa = PBXFileReference; lastKnownFileType = sourcecode.c.h; path = "NSString+JSON.h"; sourceTree = "<group>"; };
		4EDA8286238FD340009B0C79 /* NSString+JSON.m */ = {isa = PBXFileReference; lastKnownFileType = sourcecode.c.objc; path = "NSString+JSON.m"; sourceTree = "<group>"; };
		4EDB750A2383DB0600A0BC84 /* HomeMenuUserCell.h */ = {isa = PBXFileReference; lastKnownFileType = sourcecode.c.h; path = HomeMenuUserCell.h; sourceTree = "<group>"; };
		4EDB750B2383DB0600A0BC84 /* HomeMenuUserCell.m */ = {isa = PBXFileReference; lastKnownFileType = sourcecode.c.objc; path = HomeMenuUserCell.m; sourceTree = "<group>"; };
		4EDB750D2383DC1D00A0BC84 /* UITableViewCell+CellIdentifier.h */ = {isa = PBXFileReference; lastKnownFileType = sourcecode.c.h; path = "UITableViewCell+CellIdentifier.h"; sourceTree = "<group>"; };
		4EDB750E2383DC1D00A0BC84 /* UITableViewCell+CellIdentifier.m */ = {isa = PBXFileReference; lastKnownFileType = sourcecode.c.objc; path = "UITableViewCell+CellIdentifier.m"; sourceTree = "<group>"; };
		4EDB75102383DC5800A0BC84 /* UICollectionViewCell+CellIdentifier.h */ = {isa = PBXFileReference; lastKnownFileType = sourcecode.c.h; path = "UICollectionViewCell+CellIdentifier.h"; sourceTree = "<group>"; };
		4EDB75112383DC5800A0BC84 /* UICollectionViewCell+CellIdentifier.m */ = {isa = PBXFileReference; lastKnownFileType = sourcecode.c.objc; path = "UICollectionViewCell+CellIdentifier.m"; sourceTree = "<group>"; };
		4EDB75132383DCD900A0BC84 /* HomeMenuFunctionCell.h */ = {isa = PBXFileReference; lastKnownFileType = sourcecode.c.h; path = HomeMenuFunctionCell.h; sourceTree = "<group>"; };
		4EDB75142383DCD900A0BC84 /* HomeMenuFunctionCell.m */ = {isa = PBXFileReference; lastKnownFileType = sourcecode.c.objc; path = HomeMenuFunctionCell.m; sourceTree = "<group>"; };
		4EDB75162383DE3900A0BC84 /* UILabel+QuickLabel.h */ = {isa = PBXFileReference; lastKnownFileType = sourcecode.c.h; path = "UILabel+QuickLabel.h"; sourceTree = "<group>"; };
		4EDB75172383DE3900A0BC84 /* UILabel+QuickLabel.m */ = {isa = PBXFileReference; lastKnownFileType = sourcecode.c.objc; path = "UILabel+QuickLabel.m"; sourceTree = "<group>"; };
		4EDB75192383DFD700A0BC84 /* UIImageView+SetImage.h */ = {isa = PBXFileReference; lastKnownFileType = sourcecode.c.h; path = "UIImageView+SetImage.h"; sourceTree = "<group>"; };
		4EDB751A2383DFD700A0BC84 /* UIImageView+SetImage.m */ = {isa = PBXFileReference; lastKnownFileType = sourcecode.c.objc; path = "UIImageView+SetImage.m"; sourceTree = "<group>"; };
		4EDB751C2383E4F500A0BC84 /* HomeFunctionModulesVC.h */ = {isa = PBXFileReference; lastKnownFileType = sourcecode.c.h; path = HomeFunctionModulesVC.h; sourceTree = "<group>"; };
		4EDB751D2383E4F500A0BC84 /* HomeFunctionModulesVC.m */ = {isa = PBXFileReference; lastKnownFileType = sourcecode.c.objc; path = HomeFunctionModulesVC.m; sourceTree = "<group>"; };
		4EDB751F2383E8F500A0BC84 /* HomeFunctionModuleCell.h */ = {isa = PBXFileReference; lastKnownFileType = sourcecode.c.h; path = HomeFunctionModuleCell.h; sourceTree = "<group>"; };
		4EDB75202383E8F500A0BC84 /* HomeFunctionModuleCell.m */ = {isa = PBXFileReference; lastKnownFileType = sourcecode.c.objc; path = HomeFunctionModuleCell.m; sourceTree = "<group>"; };
		4EDB75232383ED5F00A0BC84 /* GlobalTool.h */ = {isa = PBXFileReference; lastKnownFileType = sourcecode.c.h; path = GlobalTool.h; sourceTree = "<group>"; };
		4EDB75242383ED5F00A0BC84 /* GlobalTool.m */ = {isa = PBXFileReference; lastKnownFileType = sourcecode.c.objc; path = GlobalTool.m; sourceTree = "<group>"; };
		4EDB75262383F24C00A0BC84 /* MacroOfUri.h */ = {isa = PBXFileReference; lastKnownFileType = sourcecode.c.h; path = MacroOfUri.h; sourceTree = "<group>"; };
		4EDB75282383F42C00A0BC84 /* HttpDigger.h */ = {isa = PBXFileReference; lastKnownFileType = sourcecode.c.h; path = HttpDigger.h; sourceTree = "<group>"; };
		4EDB75292383F42C00A0BC84 /* HttpDigger.m */ = {isa = PBXFileReference; lastKnownFileType = sourcecode.c.objc; path = HttpDigger.m; sourceTree = "<group>"; };
		4EDB752B2383F48800A0BC84 /* MacroOfEnum.h */ = {isa = PBXFileReference; lastKnownFileType = sourcecode.c.h; path = MacroOfEnum.h; sourceTree = "<group>"; };
		4EDB752C2383F77200A0BC84 /* MacroOfConstant.h */ = {isa = PBXFileReference; lastKnownFileType = sourcecode.c.h; path = MacroOfConstant.h; sourceTree = "<group>"; };
		4EDB752F2383F86A00A0BC84 /* MeInfo.h */ = {isa = PBXFileReference; lastKnownFileType = sourcecode.c.h; path = MeInfo.h; sourceTree = "<group>"; };
		4EDB75302383F86A00A0BC84 /* MeInfo.m */ = {isa = PBXFileReference; lastKnownFileType = sourcecode.c.objc; path = MeInfo.m; sourceTree = "<group>"; };
		4EDB75322383F91200A0BC84 /* MacroOfNotification.h */ = {isa = PBXFileReference; lastKnownFileType = sourcecode.c.h; path = MacroOfNotification.h; sourceTree = "<group>"; };
		4EDB75382383FB8900A0BC84 /* LYLUnicode.h */ = {isa = PBXFileReference; fileEncoding = 4; lastKnownFileType = sourcecode.c.h; path = LYLUnicode.h; sourceTree = "<group>"; };
		4EDB75392383FB8900A0BC84 /* LYLUnicode.m */ = {isa = PBXFileReference; fileEncoding = 4; lastKnownFileType = sourcecode.c.objc; path = LYLUnicode.m; sourceTree = "<group>"; };
		4EDB753E2384400800A0BC84 /* ProblemNewReportVC.h */ = {isa = PBXFileReference; lastKnownFileType = sourcecode.c.h; path = ProblemNewReportVC.h; sourceTree = "<group>"; };
		4EDB753F2384400800A0BC84 /* ProblemNewReportVC.m */ = {isa = PBXFileReference; lastKnownFileType = sourcecode.c.objc; path = ProblemNewReportVC.m; sourceTree = "<group>"; };
		4EDB75412384415200A0BC84 /* ProblemNewReportSelectionCell.h */ = {isa = PBXFileReference; lastKnownFileType = sourcecode.c.h; path = ProblemNewReportSelectionCell.h; sourceTree = "<group>"; };
		4EDB75422384415200A0BC84 /* ProblemNewReportSelectionCell.m */ = {isa = PBXFileReference; lastKnownFileType = sourcecode.c.objc; path = ProblemNewReportSelectionCell.m; sourceTree = "<group>"; };
		4EDB75442384417E00A0BC84 /* ProblemNewReportContentCell.h */ = {isa = PBXFileReference; lastKnownFileType = sourcecode.c.h; path = ProblemNewReportContentCell.h; sourceTree = "<group>"; };
		4EDB75452384417E00A0BC84 /* ProblemNewReportContentCell.m */ = {isa = PBXFileReference; lastKnownFileType = sourcecode.c.objc; path = ProblemNewReportContentCell.m; sourceTree = "<group>"; };
		4EDB75472384528C00A0BC84 /* ProblemAnswerSelectionVC.h */ = {isa = PBXFileReference; lastKnownFileType = sourcecode.c.h; path = ProblemAnswerSelectionVC.h; sourceTree = "<group>"; };
		4EDB75482384528C00A0BC84 /* ProblemAnswerSelectionVC.m */ = {isa = PBXFileReference; lastKnownFileType = sourcecode.c.objc; path = ProblemAnswerSelectionVC.m; sourceTree = "<group>"; };
		4EE72F9B23849E0800A569E4 /* ProblemReportListVC.h */ = {isa = PBXFileReference; lastKnownFileType = sourcecode.c.h; path = ProblemReportListVC.h; sourceTree = "<group>"; };
		4EE72F9C23849E0800A569E4 /* ProblemReportListVC.m */ = {isa = PBXFileReference; lastKnownFileType = sourcecode.c.objc; path = ProblemReportListVC.m; sourceTree = "<group>"; };
		4EE72F9E23849ECD00A569E4 /* ProblemReportItemCell.h */ = {isa = PBXFileReference; lastKnownFileType = sourcecode.c.h; path = ProblemReportItemCell.h; sourceTree = "<group>"; };
		4EE72F9F23849ECD00A569E4 /* ProblemReportItemCell.m */ = {isa = PBXFileReference; lastKnownFileType = sourcecode.c.objc; path = ProblemReportItemCell.m; sourceTree = "<group>"; };
		4EE8A06C23831EB8000BC409 /* HomeMenuVC.h */ = {isa = PBXFileReference; lastKnownFileType = sourcecode.c.h; path = HomeMenuVC.h; sourceTree = "<group>"; };
		4EE8A06D23831EB8000BC409 /* HomeMenuVC.m */ = {isa = PBXFileReference; lastKnownFileType = sourcecode.c.objc; path = HomeMenuVC.m; sourceTree = "<group>"; };
		5FEED5B62B17C97C013F5E08 /* Pods_EES.framework */ = {isa = PBXFileReference; explicitFileType = wrapper.framework; includeInIndex = 0; path = Pods_EES.framework; sourceTree = BUILT_PRODUCTS_DIR; };
		6BD0FBF5C6C7432BCD728E97 /* Pods-EES.release.xcconfig */ = {isa = PBXFileReference; includeInIndex = 1; lastKnownFileType = text.xcconfig; name = "Pods-EES.release.xcconfig"; path = "Target Support Files/Pods-EES/Pods-EES.release.xcconfig"; sourceTree = "<group>"; };
		96617527CF7E0E0F4067AF24 /* Pods-EES.debug.xcconfig */ = {isa = PBXFileReference; includeInIndex = 1; lastKnownFileType = text.xcconfig; name = "Pods-EES.debug.xcconfig"; path = "Target Support Files/Pods-EES/Pods-EES.debug.xcconfig"; sourceTree = "<group>"; };
/* End PBXFileReference section */

/* Begin PBXFrameworksBuildPhase section */
		4E91009C23829E6800DD195A /* Frameworks */ = {
			isa = PBXFrameworksBuildPhase;
			buildActionMask = 2147483647;
			files = (
				F6360284B686D3B9C7399DD6 /* Pods_EES.framework in Frameworks */,
			);
			runOnlyForDeploymentPostprocessing = 0;
		};
/* End PBXFrameworksBuildPhase section */

/* Begin PBXGroup section */
		283F94EB95E4C6C3A61C1D8E /* Frameworks */ = {
			isa = PBXGroup;
			children = (
				5FEED5B62B17C97C013F5E08 /* Pods_EES.framework */,
			);
			name = Frameworks;
			sourceTree = "<group>";
		};
		4E0F9DF82382F22A0093BF86 /* SupportingFiles */ = {
			isa = PBXGroup;
			children = (
				4E9100A223829E6800DD195A /* AppDelegate.h */,
				4E9100A323829E6800DD195A /* AppDelegate.m */,
				4E9100AE23829E6900DD195A /* Assets.xcassets */,
				4E9100B023829E6900DD195A /* LaunchScreen.storyboard */,
				4E0F9DFE2382F3810093BF86 /* EES.pch */,
				4E9100B323829E6900DD195A /* Info.plist */,
				4E9100B423829E6900DD195A /* main.m */,
			);
			path = SupportingFiles;
			sourceTree = "<group>";
		};
		4E0F9DF92382F2380093BF86 /* Others */ = {
			isa = PBXGroup;
			children = (
				4EDB75332383FAF700A0BC84 /* ThirdParty */,
				4EDB752D2383F84E00A0BC84 /* Model */,
				4EDB75272383F41100A0BC84 /* Network */,
				4EDB75222383ED4E00A0BC84 /* Tool */,
				4E0F9E012382F4630093BF86 /* Category */,
				4E0F9DFF2382F4220093BF86 /* Macro */,
				4E0F9DFA2382F2530093BF86 /* Base */,
			);
			path = Others;
			sourceTree = "<group>";
		};
		4E0F9DFA2382F2530093BF86 /* Base */ = {
			isa = PBXGroup;
			children = (
				4E0F9E092382F5460093BF86 /* View */,
				4E0F9E082382F53E0093BF86 /* VC */,
			);
			path = Base;
			sourceTree = "<group>";
		};
		4E0F9DFF2382F4220093BF86 /* Macro */ = {
			isa = PBXGroup;
			children = (
				4E0F9E002382F4450093BF86 /* MacroOfTool.h */,
				4EDB75262383F24C00A0BC84 /* MacroOfUri.h */,
				4EDB752B2383F48800A0BC84 /* MacroOfEnum.h */,
				4EDB752C2383F77200A0BC84 /* MacroOfConstant.h */,
				4EDB75322383F91200A0BC84 /* MacroOfNotification.h */,
			);
			path = Macro;
			sourceTree = "<group>";
		};
		4E0F9E012382F4630093BF86 /* Category */ = {
			isa = PBXGroup;
			children = (
				4E0F9E022382F4830093BF86 /* UIColor+HexString.h */,
				4E0F9E032382F4830093BF86 /* UIColor+HexString.m */,
				4E0F9E192382F7790093BF86 /* BaseNavigationController+SVProgressHud.h */,
				4E0F9E1A2382F7790093BF86 /* BaseNavigationController+SVProgressHud.m */,
				4EDB750D2383DC1D00A0BC84 /* UITableViewCell+CellIdentifier.h */,
				4EDB750E2383DC1D00A0BC84 /* UITableViewCell+CellIdentifier.m */,
				4EDB75102383DC5800A0BC84 /* UICollectionViewCell+CellIdentifier.h */,
				4EDB75112383DC5800A0BC84 /* UICollectionViewCell+CellIdentifier.m */,
				4EDB75162383DE3900A0BC84 /* UILabel+QuickLabel.h */,
				4EDB75172383DE3900A0BC84 /* UILabel+QuickLabel.m */,
				4EDB75192383DFD700A0BC84 /* UIImageView+SetImage.h */,
				4EDB751A2383DFD700A0BC84 /* UIImageView+SetImage.m */,
				4ECDAAD023852FE60063FFF9 /* UITextField+QuickTextField.h */,
				4ECDAAD123852FE60063FFF9 /* UITextField+QuickTextField.m */,
				4E5D9A202387D59900B42D2A /* UIView+Kit.h */,
				4E5D9A212387D59900B42D2A /* UIView+Kit.m */,
				4E5D9A232387E0DE00B42D2A /* UIButton+HDTool.h */,
				4E5D9A242387E0DE00B42D2A /* UIButton+HDTool.m */,
				4EDA8285238FD340009B0C79 /* NSString+JSON.h */,
				4EDA8286238FD340009B0C79 /* NSString+JSON.m */,
			);
			path = Category;
			sourceTree = "<group>";
		};
		4E0F9E082382F53E0093BF86 /* VC */ = {
			isa = PBXGroup;
			children = (
				4E0F9DFB2382F32F0093BF86 /* BaseVC.h */,
				4E0F9DFC2382F32F0093BF86 /* BaseVC.m */,
				4E0F9E052382F5200093BF86 /* BaseTableVC.h */,
				4E0F9E062382F5200093BF86 /* BaseTableVC.m */,
				4E0F9E162382F6A50093BF86 /* BaseNavigationController.h */,
				4E0F9E172382F6A50093BF86 /* BaseNavigationController.m */,
				4E552F902387042A00FC198B /* BasePageVC.h */,
				4E552F912387042A00FC198B /* BasePageVC.m */,
			);
			path = VC;
			sourceTree = "<group>";
		};
		4E0F9E092382F5460093BF86 /* View */ = {
			isa = PBXGroup;
			children = (
				4E0F9E0A2382F57B0093BF86 /* ASView.h */,
				4E0F9E0B2382F57B0093BF86 /* ASView.m */,
				4E0F9E0D2382F5A60093BF86 /* ASTableView.h */,
				4E0F9E0E2382F5A60093BF86 /* ASTableView.m */,
				4E0F9E102382F5CB0093BF86 /* ASTableViewCell.h */,
				4E0F9E112382F5CB0093BF86 /* ASTableViewCell.m */,
				4E0F9E132382F5F10093BF86 /* FadeInFadeOutView.h */,
				4E0F9E142382F5F10093BF86 /* FadeInFadeOutView.m */,
			);
			path = View;
			sourceTree = "<group>";
		};
		4E0F9E1C2382FA4F0093BF86 /* Home */ = {
			isa = PBXGroup;
			children = (
				4E0F9E1D2382FA530093BF86 /* VC */,
				4E0F9E1E2382FA570093BF86 /* View */,
				4E0F9E1F2382FA5B0093BF86 /* Model */,
			);
			path = Home;
			sourceTree = "<group>";
		};
		4E0F9E1D2382FA530093BF86 /* VC */ = {
			isa = PBXGroup;
			children = (
				4E0F9E202382FA770093BF86 /* HomeVC.h */,
				4E0F9E212382FA770093BF86 /* HomeVC.m */,
				4EE8A06C23831EB8000BC409 /* HomeMenuVC.h */,
				4EE8A06D23831EB8000BC409 /* HomeMenuVC.m */,
				4EDB751C2383E4F500A0BC84 /* HomeFunctionModulesVC.h */,
				4EDB751D2383E4F500A0BC84 /* HomeFunctionModulesVC.m */,
			);
			path = VC;
			sourceTree = "<group>";
		};
		4E0F9E1E2382FA570093BF86 /* View */ = {
			isa = PBXGroup;
			children = (
				4EDB750A2383DB0600A0BC84 /* HomeMenuUserCell.h */,
				4EDB750B2383DB0600A0BC84 /* HomeMenuUserCell.m */,
				4EDB75132383DCD900A0BC84 /* HomeMenuFunctionCell.h */,
				4EDB75142383DCD900A0BC84 /* HomeMenuFunctionCell.m */,
				4EDB751F2383E8F500A0BC84 /* HomeFunctionModuleCell.h */,
				4EDB75202383E8F500A0BC84 /* HomeFunctionModuleCell.m */,
			);
			path = View;
			sourceTree = "<group>";
		};
		4E0F9E1F2382FA5B0093BF86 /* Model */ = {
			isa = PBXGroup;
			children = (
				4EBCB29223969D6A00906FE4 /* HomeFunctionModuleModel.h */,
				4EBCB29323969D6A00906FE4 /* HomeFunctionModuleModel.m */,
			);
			path = Model;
			sourceTree = "<group>";
		};
		4E14EC84238C70FC00C227FA /* CDZQRScaniew */ = {
			isa = PBXGroup;
			children = (
				4E14EC85238C711000C227FA /* CDZQRScanView.h */,
				4E14EC86238C711000C227FA /* CDZQRScanView.m */,
			);
			path = CDZQRScaniew;
			sourceTree = "<group>";
		};
		4E552F992387124B00FC198B /* WholeCheck */ = {
			isa = PBXGroup;
			children = (
				4E552F9A2387126300FC198B /* ProblemWholeCheckItemCell.h */,
				4E552F9B2387126300FC198B /* ProblemWholeCheckItemCell.m */,
				4E552FA32387183D00FC198B /* ProblemWholeCheckDetailItemCell.h */,
				4E552FA42387183D00FC198B /* ProblemWholeCheckDetailItemCell.m */,
				4E552FB2238738C700FC198B /* ProblemWholeCheckSubmitTitleCell.h */,
				4E552FB3238738C700FC198B /* ProblemWholeCheckSubmitTitleCell.m */,
				4E552FB523873A3100FC198B /* ProblemWholeCheckSubmitInfoCell.h */,
				4E552FB623873A3100FC198B /* ProblemWholeCheckSubmitInfoCell.m */,
				4E552FB823873CB700FC198B /* ProblemWholeCheckSubmitSegmentControlCell.h */,
				4E552FB923873CB700FC198B /* ProblemWholeCheckSubmitSegmentControlCell.m */,
				4E552FBB2387440800FC198B /* ProblemWholeCheckSubmitAttachmentCell.h */,
				4E552FBC2387440800FC198B /* ProblemWholeCheckSubmitAttachmentCell.m */,
			);
			path = WholeCheck;
			sourceTree = "<group>";
		};
		4E552FA923871BB700FC198B /* WholeCheck */ = {
			isa = PBXGroup;
			children = (
				4E552F962387115000FC198B /* ProblemWholeCheckListVC.h */,
				4E552F972387115000FC198B /* ProblemWholeCheckListVC.m */,
				4E552F9D238713F900FC198B /* ProblemWholeCheckItemVC.h */,
				4E552F9E238713F900FC198B /* ProblemWholeCheckItemVC.m */,
				4E552FA0238714E100FC198B /* ProblemWholeCheckDetailVC.h */,
				4E552FA1238714E100FC198B /* ProblemWholeCheckDetailVC.m */,
				4E552FAF23871CFB00FC198B /* ProblemWholeCheckSubmitVC.h */,
				4E552FB023871CFB00FC198B /* ProblemWholeCheckSubmitVC.m */,
			);
			path = WholeCheck;
			sourceTree = "<group>";
		};
		4E552FAA23871BCC00FC198B /* GroupCheck */ = {
			isa = PBXGroup;
			children = (
				4E5A362A2386A02700ECB3B6 /* ProblemGroupCheckListVC.h */,
				4E5A362B2386A02700ECB3B6 /* ProblemGroupCheckListVC.m */,
				4E5A36312386A3DC00ECB3B6 /* ProblemGroupCheckItemVC.h */,
				4E5A36322386A3DC00ECB3B6 /* ProblemGroupCheckItemVC.m */,
				4E552F8D2387038500FC198B /* ProblemGroupCheckDetailVC.h */,
				4E552F8E2387038500FC198B /* ProblemGroupCheckDetailVC.m */,
			);
			path = GroupCheck;
			sourceTree = "<group>";
		};
		4E552FAB23871BE200FC198B /* MaintenancePlan */ = {
			isa = PBXGroup;
			children = (
				4E5A361A2386962600ECB3B6 /* ProblemMaintenancePlanListVC.h */,
				4E5A361B2386962600ECB3B6 /* ProblemMaintenancePlanListVC.m */,
				4E5A3621238698B800ECB3B6 /* ProblemMaintenancePlanDetailVC.h */,
				4E5A3622238698B800ECB3B6 /* ProblemMaintenancePlanDetailVC.m */,
			);
			path = MaintenancePlan;
			sourceTree = "<group>";
		};
		4E552FAC23871BFB00FC198B /* PeriodicalMaintenance */ = {
			isa = PBXGroup;
			children = (
				4E5A36072385FB3500ECB3B6 /* ProblemPeriodicalMaintenanceListVC.h */,
				4E5A36082385FB3500ECB3B6 /* ProblemPeriodicalMaintenanceListVC.m */,
				4E5A360D238600AF00ECB3B6 /* ProblemPeriodicalMaintenanceDetailVC.h */,
				4E5A360E238600AF00ECB3B6 /* ProblemPeriodicalMaintenanceDetailVC.m */,
			);
			path = PeriodicalMaintenance;
			sourceTree = "<group>";
		};
		4E552FAD23871C0C00FC198B /* Maintenance */ = {
			isa = PBXGroup;
			children = (
				4E30827E2385530100AF28D2 /* ProblemMaintenanceListVC.h */,
				4E30827F2385530100AF28D2 /* ProblemMaintenanceListVC.m */,
				4E5A35F42385BF0800ECB3B6 /* ProblemMaintenanceDetailVC.h */,
				4E5A35F52385BF0800ECB3B6 /* ProblemMaintenanceDetailVC.m */,
			);
			path = Maintenance;
			sourceTree = "<group>";
		};
		4E552FAE23871C4600FC198B /* MaintenanceConfirmation */ = {
			isa = PBXGroup;
			children = (
				4E5A36012385F66500ECB3B6 /* ProblemMaintenanceConfirmationListVC.h */,
				4E5A36022385F66500ECB3B6 /* ProblemMaintenanceConfirmationListVC.m */,
			);
			path = MaintenanceConfirmation;
			sourceTree = "<group>";
		};
		4E552FBF2387490F00FC198B /* SeasoningManagement */ = {
			isa = PBXGroup;
			children = (
				4E552FC02387493400FC198B /* SeasoningManagementVC.h */,
				4E552FC12387493400FC198B /* SeasoningManagementVC.m */,
				4E552FCA23874FEC00FC198B /* SeasoningManagementScanBarcodeVC.h */,
				4E552FCB23874FEC00FC198B /* SeasoningManagementScanBarcodeVC.m */,
			);
			path = SeasoningManagement;
			sourceTree = "<group>";
		};
		4E552FC323874A4800FC198B /* SeasoningManagement */ = {
			isa = PBXGroup;
			children = (
				4E552FC423874A5F00FC198B /* SeasoningManagementFirstCell.h */,
				4E552FC523874A5F00FC198B /* SeasoningManagementFirstCell.m */,
				4E552FC723874A7100FC198B /* SeasoningManagementSecondCell.h */,
				4E552FC823874A7100FC198B /* SeasoningManagementSecondCell.m */,
			);
			path = SeasoningManagement;
			sourceTree = "<group>";
		};
		4E552FD02387534600FC198B /* Login */ = {
			isa = PBXGroup;
			children = (
				4E552FD12387535000FC198B /* VC */,
				4E552FD22387535900FC198B /* View */,
			);
			path = Login;
			sourceTree = "<group>";
		};
		4E552FD12387535000FC198B /* VC */ = {
			isa = PBXGroup;
			children = (
				4E552FD3238753AF00FC198B /* LoginVC.h */,
				4E552FD4238753AF00FC198B /* LoginVC.m */,
				4E552FD6238753BE00FC198B /* LoginTimeoutVC.h */,
				4E552FD7238753BE00FC198B /* LoginTimeoutVC.m */,
			);
			path = VC;
			sourceTree = "<group>";
		};
		4E552FD22387535900FC198B /* View */ = {
			isa = PBXGroup;
			children = (
				4E5D9A1D2387CF1300B42D2A /* LoginInputView.h */,
				4E5D9A1E2387CF1300B42D2A /* LoginInputView.m */,
				4E5D9A262387E2E600B42D2A /* LoginTimeoutHintCell.h */,
				4E5D9A272387E2E600B42D2A /* LoginTimeoutHintCell.m */,
			);
			path = View;
			sourceTree = "<group>";
		};
		4E5A35F72385E41600ECB3B6 /* Maintenance */ = {
			isa = PBXGroup;
			children = (
				4E5A35F12385BC3600ECB3B6 /* ProblemMaintenanceItemCell.h */,
				4E5A35F22385BC3600ECB3B6 /* ProblemMaintenanceItemCell.m */,
				4E5A35F82385E44000ECB3B6 /* ProblemMaintenanceDetailTitleCell.h */,
				4E5A35F92385E44000ECB3B6 /* ProblemMaintenanceDetailTitleCell.m */,
				4E5A35FB2385E48100ECB3B6 /* ProblemMaintenanceDetailReportInfoCell.h */,
				4E5A35FC2385E48100ECB3B6 /* ProblemMaintenanceDetailReportInfoCell.m */,
				4E5A35FE2385E49F00ECB3B6 /* ProblemMaintenanceDetailInfoCell.h */,
				4E5A35FF2385E49F00ECB3B6 /* ProblemMaintenanceDetailInfoCell.m */,
			);
			path = Maintenance;
			sourceTree = "<group>";
		};
		4E5A361023867B6800ECB3B6 /* PeriodicalMaintenance */ = {
			isa = PBXGroup;
			children = (
				4E5A360A2385FD4C00ECB3B6 /* ProblemPeriodicalMaintenanceItemCell.h */,
				4E5A360B2385FD4C00ECB3B6 /* ProblemPeriodicalMaintenanceItemCell.m */,
				4E5A361123867BA000ECB3B6 /* ProblemPeriodicalMaintenanceDetailTitleCell.h */,
				4E5A361223867BA000ECB3B6 /* ProblemPeriodicalMaintenanceDetailTitleCell.m */,
				4E5A361423867BE000ECB3B6 /* ProblemPeriodicalMaintenanceDetailInfoCell.h */,
				4E5A361523867BE000ECB3B6 /* ProblemPeriodicalMaintenanceDetailInfoCell.m */,
				4E5A361723867C3300ECB3B6 /* ProblemPeriodicalMaintenanceDetailAttachmentCell.h */,
				4E5A361823867C3300ECB3B6 /* ProblemPeriodicalMaintenanceDetailAttachmentCell.m */,
			);
			path = PeriodicalMaintenance;
			sourceTree = "<group>";
		};
		4E5A361D238696D000ECB3B6 /* MaintenancePlan */ = {
			isa = PBXGroup;
			children = (
				4E5A361E238696EF00ECB3B6 /* ProblemMaintenancePlanItemCell.h */,
				4E5A361F238696EF00ECB3B6 /* ProblemMaintenancePlanItemCell.m */,
				4E5A36242386992100ECB3B6 /* ProblemMaintenancePlanDetailTitleCell.h */,
				4E5A36252386992100ECB3B6 /* ProblemMaintenancePlanDetailTitleCell.m */,
				4E5A36272386994F00ECB3B6 /* ProblemMaintenancePlanDetailInfoCell.h */,
				4E5A36282386994F00ECB3B6 /* ProblemMaintenancePlanDetailInfoCell.m */,
			);
			path = MaintenancePlan;
			sourceTree = "<group>";
		};
		4E5A362D2386A07700ECB3B6 /* GroupCheck */ = {
			isa = PBXGroup;
			children = (
				4E5A362E2386A1E100ECB3B6 /* ProblemGroupCheckItemCell.h */,
				4E5A362F2386A1E100ECB3B6 /* ProblemGroupCheckItemCell.m */,
				4E5A36342386B2EC00ECB3B6 /* SegmentTitlesView.h */,
				4E5A36352386B2EC00ECB3B6 /* SegmentTitlesView.m */,
				4E5A36372386B64700ECB3B6 /* ProblemCheckTitleView.h */,
				4E5A36382386B64700ECB3B6 /* ProblemCheckTitleView.m */,
				4E552F932387065C00FC198B /* ProblemGroupCheckDetailItemCell.h */,
				4E552F942387065C00FC198B /* ProblemGroupCheckDetailItemCell.m */,
			);
			path = GroupCheck;
			sourceTree = "<group>";
		};
		4E91009623829E6800DD195A = {
			isa = PBXGroup;
			children = (
				4E9100A123829E6800DD195A /* EES */,
				4E9100A023829E6800DD195A /* Products */,
				72AF3C0C6220384690193FF6 /* Pods */,
				283F94EB95E4C6C3A61C1D8E /* Frameworks */,
			);
			sourceTree = "<group>";
		};
		4E9100A023829E6800DD195A /* Products */ = {
			isa = PBXGroup;
			children = (
				4E91009F23829E6800DD195A /* EES.app */,
			);
			name = Products;
			sourceTree = "<group>";
		};
		4E9100A123829E6800DD195A /* EES */ = {
			isa = PBXGroup;
			children = (
				4E0F9E1C2382FA4F0093BF86 /* Home */,
				4E552FD02387534600FC198B /* Login */,
				4EDB753B23843FD100A0BC84 /* Problem */,
				4E0F9DF92382F2380093BF86 /* Others */,
				4E0F9DF82382F22A0093BF86 /* SupportingFiles */,
			);
			path = EES;
			sourceTree = "<group>";
		};
		4ECDAACC23852EE40063FFF9 /* Global */ = {
			isa = PBXGroup;
			children = (
				4ECDAACD23852F030063FFF9 /* ProblemSearchBar.h */,
				4ECDAACE23852F030063FFF9 /* ProblemSearchBar.m */,
			);
			path = Global;
			sourceTree = "<group>";
		};
		4EDA8284238F3EDF009B0C79 /* NewReport */ = {
			isa = PBXGroup;
			children = (
				4EDB753E2384400800A0BC84 /* ProblemNewReportVC.h */,
				4EDB753F2384400800A0BC84 /* ProblemNewReportVC.m */,
				4EDB75472384528C00A0BC84 /* ProblemAnswerSelectionVC.h */,
				4EDB75482384528C00A0BC84 /* ProblemAnswerSelectionVC.m */,
			);
			path = NewReport;
			sourceTree = "<group>";
		};
		4EDB75222383ED4E00A0BC84 /* Tool */ = {
			isa = PBXGroup;
			children = (
				4EDB75232383ED5F00A0BC84 /* GlobalTool.h */,
				4EDB75242383ED5F00A0BC84 /* GlobalTool.m */,
			);
			path = Tool;
			sourceTree = "<group>";
		};
		4EDB75272383F41100A0BC84 /* Network */ = {
			isa = PBXGroup;
			children = (
				4EDB75282383F42C00A0BC84 /* HttpDigger.h */,
				4EDB75292383F42C00A0BC84 /* HttpDigger.m */,
				4EBCB28F23964E2900906FE4 /* EESHttpDigger.h */,
				4EBCB29023964E2900906FE4 /* EESHttpDigger.m */,
			);
			path = Network;
			sourceTree = "<group>";
		};
		4EDB752D2383F84E00A0BC84 /* Model */ = {
			isa = PBXGroup;
			children = (
				4EDB752F2383F86A00A0BC84 /* MeInfo.h */,
				4EDB75302383F86A00A0BC84 /* MeInfo.m */,
			);
			path = Model;
			sourceTree = "<group>";
		};
		4EDB75332383FAF700A0BC84 /* ThirdParty */ = {
			isa = PBXGroup;
			children = (
				4E14EC84238C70FC00C227FA /* CDZQRScaniew */,
				4EDB75342383FB0000A0BC84 /* LYLUnicode */,
			);
			path = ThirdParty;
			sourceTree = "<group>";
		};
		4EDB75342383FB0000A0BC84 /* LYLUnicode */ = {
			isa = PBXGroup;
			children = (
				4EDB75382383FB8900A0BC84 /* LYLUnicode.h */,
				4EDB75392383FB8900A0BC84 /* LYLUnicode.m */,
			);
			path = LYLUnicode;
			sourceTree = "<group>";
		};
		4EDB753B23843FD100A0BC84 /* Problem */ = {
			isa = PBXGroup;
			children = (
				4EDB753C23843FD900A0BC84 /* VC */,
				4EDB753D23843FDD00A0BC84 /* View */,
			);
			path = Problem;
			sourceTree = "<group>";
		};
		4EDB753C23843FD900A0BC84 /* VC */ = {
			isa = PBXGroup;
			children = (
				4EDA8284238F3EDF009B0C79 /* NewReport */,
				4EF360BE2391D03500B63571 /* ReportList */,
				4E552FAE23871C4600FC198B /* MaintenanceConfirmation */,
				4E552FAD23871C0C00FC198B /* Maintenance */,
				4E552FAC23871BFB00FC198B /* PeriodicalMaintenance */,
				4E552FAB23871BE200FC198B /* MaintenancePlan */,
				4E552FAA23871BCC00FC198B /* GroupCheck */,
				4E552FA923871BB700FC198B /* WholeCheck */,
				4E552FBF2387490F00FC198B /* SeasoningManagement */,
			);
			path = VC;
			sourceTree = "<group>";
		};
		4EDB753D23843FDD00A0BC84 /* View */ = {
			isa = PBXGroup;
			children = (
				4E552FC323874A4800FC198B /* SeasoningManagement */,
				4E552F992387124B00FC198B /* WholeCheck */,
				4E5A362D2386A07700ECB3B6 /* GroupCheck */,
				4E5A361D238696D000ECB3B6 /* MaintenancePlan */,
				4E5A361023867B6800ECB3B6 /* PeriodicalMaintenance */,
				4E5A35F72385E41600ECB3B6 /* Maintenance */,
				4ECDAACC23852EE40063FFF9 /* Global */,
				4EDB75412384415200A0BC84 /* ProblemNewReportSelectionCell.h */,
				4EDB75422384415200A0BC84 /* ProblemNewReportSelectionCell.m */,
				4EDB75442384417E00A0BC84 /* ProblemNewReportContentCell.h */,
				4EDB75452384417E00A0BC84 /* ProblemNewReportContentCell.m */,
				4EE72F9E23849ECD00A569E4 /* ProblemReportItemCell.h */,
				4EE72F9F23849ECD00A569E4 /* ProblemReportItemCell.m */,
				4E5A36042385F71B00ECB3B6 /* ProblemMaintenanceConfirmationItemCell.h */,
				4E5A36052385F71B00ECB3B6 /* ProblemMaintenanceConfirmationItemCell.m */,
			);
			path = View;
			sourceTree = "<group>";
		};
		4EF360BE2391D03500B63571 /* ReportList */ = {
			isa = PBXGroup;
			children = (
				4EE72F9B23849E0800A569E4 /* ProblemReportListVC.h */,
				4EE72F9C23849E0800A569E4 /* ProblemReportListVC.m */,
			);
			path = ReportList;
			sourceTree = "<group>";
		};
		72AF3C0C6220384690193FF6 /* Pods */ = {
			isa = PBXGroup;
			children = (
				96617527CF7E0E0F4067AF24 /* Pods-EES.debug.xcconfig */,
				6BD0FBF5C6C7432BCD728E97 /* Pods-EES.release.xcconfig */,
			);
			path = Pods;
			sourceTree = "<group>";
		};
/* End PBXGroup section */

/* Begin PBXNativeTarget section */
		4E91009E23829E6800DD195A /* EES */ = {
			isa = PBXNativeTarget;
			buildConfigurationList = 4E9100B823829E6900DD195A /* Build configuration list for PBXNativeTarget "EES" */;
			buildPhases = (
				3FF1BE6C6F9B51335DFD66DF /* [CP] Check Pods Manifest.lock */,
				4E91009B23829E6800DD195A /* Sources */,
				4E91009C23829E6800DD195A /* Frameworks */,
				4E91009D23829E6800DD195A /* Resources */,
				1A0F7E40B9D3166DFE37077F /* [CP] Embed Pods Frameworks */,
			);
			buildRules = (
			);
			dependencies = (
			);
			name = EES;
			productName = EES;
			productReference = 4E91009F23829E6800DD195A /* EES.app */;
			productType = "com.apple.product-type.application";
		};
/* End PBXNativeTarget section */

/* Begin PBXProject section */
		4E91009723829E6800DD195A /* Project object */ = {
			isa = PBXProject;
			attributes = {
				LastUpgradeCheck = 1100;
				ORGANIZATIONNAME = Zivos;
				TargetAttributes = {
					4E91009E23829E6800DD195A = {
						CreatedOnToolsVersion = 11.0;
					};
				};
			};
			buildConfigurationList = 4E91009A23829E6800DD195A /* Build configuration list for PBXProject "EES" */;
			compatibilityVersion = "Xcode 9.3";
			developmentRegion = en;
			hasScannedForEncodings = 0;
			knownRegions = (
				en,
				Base,
			);
			mainGroup = 4E91009623829E6800DD195A;
			productRefGroup = 4E9100A023829E6800DD195A /* Products */;
			projectDirPath = "";
			projectRoot = "";
			targets = (
				4E91009E23829E6800DD195A /* EES */,
			);
		};
/* End PBXProject section */

/* Begin PBXResourcesBuildPhase section */
		4E91009D23829E6800DD195A /* Resources */ = {
			isa = PBXResourcesBuildPhase;
			buildActionMask = 2147483647;
			files = (
				4E9100B223829E6900DD195A /* LaunchScreen.storyboard in Resources */,
				4E9100AF23829E6900DD195A /* Assets.xcassets in Resources */,
			);
			runOnlyForDeploymentPostprocessing = 0;
		};
/* End PBXResourcesBuildPhase section */

/* Begin PBXShellScriptBuildPhase section */
		1A0F7E40B9D3166DFE37077F /* [CP] Embed Pods Frameworks */ = {
			isa = PBXShellScriptBuildPhase;
			buildActionMask = 2147483647;
			files = (
			);
			inputFileListPaths = (
				"${PODS_ROOT}/Target Support Files/Pods-EES/Pods-EES-frameworks-${CONFIGURATION}-input-files.xcfilelist",
			);
			name = "[CP] Embed Pods Frameworks";
			outputFileListPaths = (
				"${PODS_ROOT}/Target Support Files/Pods-EES/Pods-EES-frameworks-${CONFIGURATION}-output-files.xcfilelist",
			);
			runOnlyForDeploymentPostprocessing = 0;
			shellPath = /bin/sh;
			shellScript = "\"${PODS_ROOT}/Target Support Files/Pods-EES/Pods-EES-frameworks.sh\"\n";
			showEnvVarsInLog = 0;
		};
		3FF1BE6C6F9B51335DFD66DF /* [CP] Check Pods Manifest.lock */ = {
			isa = PBXShellScriptBuildPhase;
			buildActionMask = 2147483647;
			files = (
			);
			inputFileListPaths = (
			);
			inputPaths = (
				"${PODS_PODFILE_DIR_PATH}/Podfile.lock",
				"${PODS_ROOT}/Manifest.lock",
			);
			name = "[CP] Check Pods Manifest.lock";
			outputFileListPaths = (
			);
			outputPaths = (
				"$(DERIVED_FILE_DIR)/Pods-EES-checkManifestLockResult.txt",
			);
			runOnlyForDeploymentPostprocessing = 0;
			shellPath = /bin/sh;
			shellScript = "diff \"${PODS_PODFILE_DIR_PATH}/Podfile.lock\" \"${PODS_ROOT}/Manifest.lock\" > /dev/null\nif [ $? != 0 ] ; then\n    # print error to STDERR\n    echo \"error: The sandbox is not in sync with the Podfile.lock. Run 'pod install' or update your CocoaPods installation.\" >&2\n    exit 1\nfi\n# This output is used by Xcode 'outputs' to avoid re-running this script phase.\necho \"SUCCESS\" > \"${SCRIPT_OUTPUT_FILE_0}\"\n";
			showEnvVarsInLog = 0;
		};
/* End PBXShellScriptBuildPhase section */

/* Begin PBXSourcesBuildPhase section */
		4E91009B23829E6800DD195A /* Sources */ = {
			isa = PBXSourcesBuildPhase;
			buildActionMask = 2147483647;
			files = (
				4E5A36332386A3DC00ECB3B6 /* ProblemGroupCheckItemVC.m in Sources */,
				4E552F9C2387126300FC198B /* ProblemWholeCheckItemCell.m in Sources */,
				4E0F9E042382F4830093BF86 /* UIColor+HexString.m in Sources */,
				4E0F9E0C2382F57B0093BF86 /* ASView.m in Sources */,
				4EDB75462384417E00A0BC84 /* ProblemNewReportContentCell.m in Sources */,
				4E552FCC23874FEC00FC198B /* SeasoningManagementScanBarcodeVC.m in Sources */,
				4E552FBD2387440800FC198B /* ProblemWholeCheckSubmitAttachmentCell.m in Sources */,
				4E5A36392386B64700ECB3B6 /* ProblemCheckTitleView.m in Sources */,
				4EDB75152383DCD900A0BC84 /* HomeMenuFunctionCell.m in Sources */,
				4E0F9E222382FA770093BF86 /* HomeVC.m in Sources */,
				4EBCB29423969D6A00906FE4 /* HomeFunctionModuleModel.m in Sources */,
				4E3082802385530100AF28D2 /* ProblemMaintenanceListVC.m in Sources */,
				4E5A361623867BE000ECB3B6 /* ProblemPeriodicalMaintenanceDetailInfoCell.m in Sources */,
				4EDB753A2383FB8900A0BC84 /* LYLUnicode.m in Sources */,
				4EDB75252383ED5F00A0BC84 /* GlobalTool.m in Sources */,
				4E552FD5238753B000FC198B /* LoginVC.m in Sources */,
				4E552FC623874A5F00FC198B /* SeasoningManagementFirstCell.m in Sources */,
				4EDB75122383DC5800A0BC84 /* UICollectionViewCell+CellIdentifier.m in Sources */,
				4E5A3623238698B800ECB3B6 /* ProblemMaintenancePlanDetailVC.m in Sources */,
				4E5A36292386994F00ECB3B6 /* ProblemMaintenancePlanDetailInfoCell.m in Sources */,
				4E5A361323867BA000ECB3B6 /* ProblemPeriodicalMaintenanceDetailTitleCell.m in Sources */,
				4E14EC87238C711000C227FA /* CDZQRScanView.m in Sources */,
				4EBCB29123964E2900906FE4 /* EESHttpDigger.m in Sources */,
				4E552FA2238714E100FC198B /* ProblemWholeCheckDetailVC.m in Sources */,
				4ECDAAD223852FE60063FFF9 /* UITextField+QuickTextField.m in Sources */,
				4E5A35FA2385E44000ECB3B6 /* ProblemMaintenanceDetailTitleCell.m in Sources */,
				4E5A361C2386962600ECB3B6 /* ProblemMaintenancePlanListVC.m in Sources */,
				4E552FBA23873CB700FC198B /* ProblemWholeCheckSubmitSegmentControlCell.m in Sources */,
				4E552FB4238738C700FC198B /* ProblemWholeCheckSubmitTitleCell.m in Sources */,
				4EE72F9D23849E0800A569E4 /* ProblemReportListVC.m in Sources */,
				4E5D9A252387E0DE00B42D2A /* UIButton+HDTool.m in Sources */,
				4ECDAACF23852F030063FFF9 /* ProblemSearchBar.m in Sources */,
				4E0F9E122382F5CB0093BF86 /* ASTableViewCell.m in Sources */,
				4E5A36302386A1E100ECB3B6 /* ProblemGroupCheckItemCell.m in Sources */,
				4E0F9E152382F5F10093BF86 /* FadeInFadeOutView.m in Sources */,
				4EDB752A2383F42C00A0BC84 /* HttpDigger.m in Sources */,
				4E5A3620238696EF00ECB3B6 /* ProblemMaintenancePlanItemCell.m in Sources */,
				4E5A36002385E49F00ECB3B6 /* ProblemMaintenanceDetailInfoCell.m in Sources */,
				4E552F8F2387038500FC198B /* ProblemGroupCheckDetailVC.m in Sources */,
				4E5D9A1F2387CF1300B42D2A /* LoginInputView.m in Sources */,
				4E5A360F238600AF00ECB3B6 /* ProblemPeriodicalMaintenanceDetailVC.m in Sources */,
				4E0F9E1B2382F7790093BF86 /* BaseNavigationController+SVProgressHud.m in Sources */,
				4EDB75492384528C00A0BC84 /* ProblemAnswerSelectionVC.m in Sources */,
				4E5A36032385F66500ECB3B6 /* ProblemMaintenanceConfirmationListVC.m in Sources */,
				4E552FB723873A3100FC198B /* ProblemWholeCheckSubmitInfoCell.m in Sources */,
				4EE72FA023849ECD00A569E4 /* ProblemReportItemCell.m in Sources */,
				4E5A360C2385FD4C00ECB3B6 /* ProblemPeriodicalMaintenanceItemCell.m in Sources */,
				4E5A362C2386A02700ECB3B6 /* ProblemGroupCheckListVC.m in Sources */,
				4E9100A423829E6800DD195A /* AppDelegate.m in Sources */,
				4E552FC923874A7100FC198B /* SeasoningManagementSecondCell.m in Sources */,
				4E552FC22387493400FC198B /* SeasoningManagementVC.m in Sources */,
				4E552F922387042A00FC198B /* BasePageVC.m in Sources */,
				4E552FA52387183D00FC198B /* ProblemWholeCheckDetailItemCell.m in Sources */,
				4E5A36362386B2EC00ECB3B6 /* SegmentTitlesView.m in Sources */,
				4E5A35FD2385E48100ECB3B6 /* ProblemMaintenanceDetailReportInfoCell.m in Sources */,
				4E552F952387065C00FC198B /* ProblemGroupCheckDetailItemCell.m in Sources */,
				4EDB75432384415200A0BC84 /* ProblemNewReportSelectionCell.m in Sources */,
				4E5A36092385FB3500ECB3B6 /* ProblemPeriodicalMaintenanceListVC.m in Sources */,
				4E9100B523829E6900DD195A /* main.m in Sources */,
				4EDB75402384400800A0BC84 /* ProblemNewReportVC.m in Sources */,
				4EE8A06E23831EB8000BC409 /* HomeMenuVC.m in Sources */,
				4E5A35F62385BF0800ECB3B6 /* ProblemMaintenanceDetailVC.m in Sources */,
				4E552F982387115000FC198B /* ProblemWholeCheckListVC.m in Sources */,
				4EDA8287238FD340009B0C79 /* NSString+JSON.m in Sources */,
				4E5D9A282387E2E600B42D2A /* LoginTimeoutHintCell.m in Sources */,
				4E0F9DFD2382F32F0093BF86 /* BaseVC.m in Sources */,
				4EDB75212383E8F500A0BC84 /* HomeFunctionModuleCell.m in Sources */,
				4EDB751B2383DFD700A0BC84 /* UIImageView+SetImage.m in Sources */,
				4EDB750C2383DB0600A0BC84 /* HomeMenuUserCell.m in Sources */,
				4EDB75312383F86A00A0BC84 /* MeInfo.m in Sources */,
				4E5D9A222387D59900B42D2A /* UIView+Kit.m in Sources */,
				4E5A361923867C3300ECB3B6 /* ProblemPeriodicalMaintenanceDetailAttachmentCell.m in Sources */,
				4E5A35F32385BC3600ECB3B6 /* ProblemMaintenanceItemCell.m in Sources */,
				4E0F9E182382F6A50093BF86 /* BaseNavigationController.m in Sources */,
				4E552FB123871CFB00FC198B /* ProblemWholeCheckSubmitVC.m in Sources */,
				4E5A36062385F71B00ECB3B6 /* ProblemMaintenanceConfirmationItemCell.m in Sources */,
				4E552F9F238713F900FC198B /* ProblemWholeCheckItemVC.m in Sources */,
				4E552FD8238753BE00FC198B /* LoginTimeoutVC.m in Sources */,
				4E0F9E0F2382F5A60093BF86 /* ASTableView.m in Sources */,
				4EDB75182383DE3900A0BC84 /* UILabel+QuickLabel.m in Sources */,
				4E0F9E072382F5200093BF86 /* BaseTableVC.m in Sources */,
				4EDB750F2383DC1D00A0BC84 /* UITableViewCell+CellIdentifier.m in Sources */,
				4EDB751E2383E4F500A0BC84 /* HomeFunctionModulesVC.m in Sources */,
				4E5A36262386992100ECB3B6 /* ProblemMaintenancePlanDetailTitleCell.m in Sources */,
			);
			runOnlyForDeploymentPostprocessing = 0;
		};
/* End PBXSourcesBuildPhase section */

/* Begin PBXVariantGroup section */
		4E9100B023829E6900DD195A /* LaunchScreen.storyboard */ = {
			isa = PBXVariantGroup;
			children = (
				4E9100B123829E6900DD195A /* Base */,
			);
			name = LaunchScreen.storyboard;
			sourceTree = "<group>";
		};
/* End PBXVariantGroup section */

/* Begin XCBuildConfiguration section */
		4E9100B623829E6900DD195A /* Debug */ = {
			isa = XCBuildConfiguration;
			buildSettings = {
				ALWAYS_SEARCH_USER_PATHS = NO;
				CLANG_ANALYZER_NONNULL = YES;
				CLANG_ANALYZER_NUMBER_OBJECT_CONVERSION = YES_AGGRESSIVE;
				CLANG_CXX_LANGUAGE_STANDARD = "gnu++14";
				CLANG_CXX_LIBRARY = "libc++";
				CLANG_ENABLE_MODULES = YES;
				CLANG_ENABLE_OBJC_ARC = YES;
				CLANG_ENABLE_OBJC_WEAK = YES;
				CLANG_WARN_BLOCK_CAPTURE_AUTORELEASING = YES;
				CLANG_WARN_BOOL_CONVERSION = YES;
				CLANG_WARN_COMMA = YES;
				CLANG_WARN_CONSTANT_CONVERSION = YES;
				CLANG_WARN_DEPRECATED_OBJC_IMPLEMENTATIONS = YES;
				CLANG_WARN_DIRECT_OBJC_ISA_USAGE = YES_ERROR;
				CLANG_WARN_DOCUMENTATION_COMMENTS = YES;
				CLANG_WARN_EMPTY_BODY = YES;
				CLANG_WARN_ENUM_CONVERSION = YES;
				CLANG_WARN_INFINITE_RECURSION = YES;
				CLANG_WARN_INT_CONVERSION = YES;
				CLANG_WARN_NON_LITERAL_NULL_CONVERSION = YES;
				CLANG_WARN_OBJC_IMPLICIT_RETAIN_SELF = YES;
				CLANG_WARN_OBJC_LITERAL_CONVERSION = YES;
				CLANG_WARN_OBJC_ROOT_CLASS = YES_ERROR;
				CLANG_WARN_RANGE_LOOP_ANALYSIS = YES;
				CLANG_WARN_STRICT_PROTOTYPES = YES;
				CLANG_WARN_SUSPICIOUS_MOVE = YES;
				CLANG_WARN_UNGUARDED_AVAILABILITY = YES_AGGRESSIVE;
				CLANG_WARN_UNREACHABLE_CODE = YES;
				CLANG_WARN__DUPLICATE_METHOD_MATCH = YES;
				COPY_PHASE_STRIP = NO;
				DEBUG_INFORMATION_FORMAT = dwarf;
				ENABLE_STRICT_OBJC_MSGSEND = YES;
				ENABLE_TESTABILITY = YES;
				GCC_C_LANGUAGE_STANDARD = gnu11;
				GCC_DYNAMIC_NO_PIC = NO;
				GCC_NO_COMMON_BLOCKS = YES;
				GCC_OPTIMIZATION_LEVEL = 0;
				GCC_PREPROCESSOR_DEFINITIONS = (
					"DEBUG=1",
					"$(inherited)",
				);
				GCC_WARN_64_TO_32_BIT_CONVERSION = YES;
				GCC_WARN_ABOUT_RETURN_TYPE = YES_ERROR;
				GCC_WARN_UNDECLARED_SELECTOR = YES;
				GCC_WARN_UNINITIALIZED_AUTOS = YES_AGGRESSIVE;
				GCC_WARN_UNUSED_FUNCTION = YES;
				GCC_WARN_UNUSED_VARIABLE = YES;
				IPHONEOS_DEPLOYMENT_TARGET = 9.0;
				MTL_ENABLE_DEBUG_INFO = INCLUDE_SOURCE;
				MTL_FAST_MATH = YES;
				ONLY_ACTIVE_ARCH = YES;
				SDKROOT = iphoneos;
			};
			name = Debug;
		};
		4E9100B723829E6900DD195A /* Release */ = {
			isa = XCBuildConfiguration;
			buildSettings = {
				ALWAYS_SEARCH_USER_PATHS = NO;
				CLANG_ANALYZER_NONNULL = YES;
				CLANG_ANALYZER_NUMBER_OBJECT_CONVERSION = YES_AGGRESSIVE;
				CLANG_CXX_LANGUAGE_STANDARD = "gnu++14";
				CLANG_CXX_LIBRARY = "libc++";
				CLANG_ENABLE_MODULES = YES;
				CLANG_ENABLE_OBJC_ARC = YES;
				CLANG_ENABLE_OBJC_WEAK = YES;
				CLANG_WARN_BLOCK_CAPTURE_AUTORELEASING = YES;
				CLANG_WARN_BOOL_CONVERSION = YES;
				CLANG_WARN_COMMA = YES;
				CLANG_WARN_CONSTANT_CONVERSION = YES;
				CLANG_WARN_DEPRECATED_OBJC_IMPLEMENTATIONS = YES;
				CLANG_WARN_DIRECT_OBJC_ISA_USAGE = YES_ERROR;
				CLANG_WARN_DOCUMENTATION_COMMENTS = YES;
				CLANG_WARN_EMPTY_BODY = YES;
				CLANG_WARN_ENUM_CONVERSION = YES;
				CLANG_WARN_INFINITE_RECURSION = YES;
				CLANG_WARN_INT_CONVERSION = YES;
				CLANG_WARN_NON_LITERAL_NULL_CONVERSION = YES;
				CLANG_WARN_OBJC_IMPLICIT_RETAIN_SELF = YES;
				CLANG_WARN_OBJC_LITERAL_CONVERSION = YES;
				CLANG_WARN_OBJC_ROOT_CLASS = YES_ERROR;
				CLANG_WARN_RANGE_LOOP_ANALYSIS = YES;
				CLANG_WARN_STRICT_PROTOTYPES = YES;
				CLANG_WARN_SUSPICIOUS_MOVE = YES;
				CLANG_WARN_UNGUARDED_AVAILABILITY = YES_AGGRESSIVE;
				CLANG_WARN_UNREACHABLE_CODE = YES;
				CLANG_WARN__DUPLICATE_METHOD_MATCH = YES;
				COPY_PHASE_STRIP = NO;
				DEBUG_INFORMATION_FORMAT = "dwarf-with-dsym";
				ENABLE_NS_ASSERTIONS = NO;
				ENABLE_STRICT_OBJC_MSGSEND = YES;
				GCC_C_LANGUAGE_STANDARD = gnu11;
				GCC_NO_COMMON_BLOCKS = YES;
				GCC_WARN_64_TO_32_BIT_CONVERSION = YES;
				GCC_WARN_ABOUT_RETURN_TYPE = YES_ERROR;
				GCC_WARN_UNDECLARED_SELECTOR = YES;
				GCC_WARN_UNINITIALIZED_AUTOS = YES_AGGRESSIVE;
				GCC_WARN_UNUSED_FUNCTION = YES;
				GCC_WARN_UNUSED_VARIABLE = YES;
				IPHONEOS_DEPLOYMENT_TARGET = 9.0;
				MTL_ENABLE_DEBUG_INFO = NO;
				MTL_FAST_MATH = YES;
				SDKROOT = iphoneos;
				VALIDATE_PRODUCT = YES;
			};
			name = Release;
		};
		4E9100B923829E6900DD195A /* Debug */ = {
			isa = XCBuildConfiguration;
			baseConfigurationReference = 96617527CF7E0E0F4067AF24 /* Pods-EES.debug.xcconfig */;
			buildSettings = {
				ASSETCATALOG_COMPILER_APPICON_NAME = AppIcon;
				CODE_SIGN_STYLE = Automatic;
				DEVELOPMENT_TEAM = 5Y3HHHZ63R;
				GCC_PREFIX_HEADER = "$(SRCROOT)/EES/SupportingFiles/EES.pch";
				INFOPLIST_FILE = "$(SRCROOT)/EES/SupportingFiles/Info.plist";
				LD_RUNPATH_SEARCH_PATHS = (
					"$(inherited)",
					"@executable_path/Frameworks",
				);
				PRODUCT_BUNDLE_IDENTIFIER = com.zivos.mes;
				PRODUCT_NAME = "$(TARGET_NAME)";
				TARGETED_DEVICE_FAMILY = 1;
			};
			name = Debug;
		};
		4E9100BA23829E6900DD195A /* Release */ = {
			isa = XCBuildConfiguration;
			baseConfigurationReference = 6BD0FBF5C6C7432BCD728E97 /* Pods-EES.release.xcconfig */;
			buildSettings = {
				ASSETCATALOG_COMPILER_APPICON_NAME = AppIcon;
				CODE_SIGN_STYLE = Automatic;
				DEVELOPMENT_TEAM = 5Y3HHHZ63R;
				GCC_PREFIX_HEADER = "$(SRCROOT)/EES/SupportingFiles/EES.pch";
				INFOPLIST_FILE = "$(SRCROOT)/EES/SupportingFiles/Info.plist";
				LD_RUNPATH_SEARCH_PATHS = (
					"$(inherited)",
					"@executable_path/Frameworks",
				);
				PRODUCT_BUNDLE_IDENTIFIER = com.zivos.mes;
				PRODUCT_NAME = "$(TARGET_NAME)";
				TARGETED_DEVICE_FAMILY = 1;
			};
			name = Release;
		};
/* End XCBuildConfiguration section */

/* Begin XCConfigurationList section */
		4E91009A23829E6800DD195A /* Build configuration list for PBXProject "EES" */ = {
			isa = XCConfigurationList;
			buildConfigurations = (
				4E9100B623829E6900DD195A /* Debug */,
				4E9100B723829E6900DD195A /* Release */,
			);
			defaultConfigurationIsVisible = 0;
			defaultConfigurationName = Release;
		};
		4E9100B823829E6900DD195A /* Build configuration list for PBXNativeTarget "EES" */ = {
			isa = XCConfigurationList;
			buildConfigurations = (
				4E9100B923829E6900DD195A /* Debug */,
				4E9100BA23829E6900DD195A /* Release */,
			);
			defaultConfigurationIsVisible = 0;
			defaultConfigurationName = Release;
		};
/* End XCConfigurationList section */
	};
	rootObject = 4E91009723829E6800DD195A /* Project object */;
}
