// !$*UTF8*$!
{
	archiveVersion = 1;
	classes = {
	};
	objectVersion = 50;
	objects = {

/* Begin PBXBuildFile section */
		4E9100A423829E6800DD195A /* AppDelegate.m in Sources */ = {isa = PBXBuildFile; fileRef = 4E9100A323829E6800DD195A /* AppDelegate.m */; };
		4E9100A723829E6800DD195A /* SceneDelegate.m in Sources */ = {isa = PBXBuildFile; fileRef = 4E9100A623829E6800DD195A /* SceneDelegate.m */; };
		4E9100AA23829E6800DD195A /* ViewController.m in Sources */ = {isa = PBXBuildFile; fileRef = 4E9100A923829E6800DD195A /* ViewController.m */; };
		4E9100AD23829E6800DD195A /* Main.storyboard in Resources */ = {isa = PBXBuildFile; fileRef = 4E9100AB23829E6800DD195A /* Main.storyboard */; };
		4E9100AF23829E6900DD195A /* Assets.xcassets in Resources */ = {isa = PBXBuildFile; fileRef = 4E9100AE23829E6900DD195A /* Assets.xcassets */; };
		4E9100B223829E6900DD195A /* LaunchScreen.storyboard in Resources */ = {isa = PBXBuildFile; fileRef = 4E9100B023829E6900DD195A /* LaunchScreen.storyboard */; };
		4E9100B523829E6900DD195A /* main.m in Sources */ = {isa = PBXBuildFile; fileRef = 4E9100B423829E6900DD195A /* main.m */; };
/* End PBXBuildFile section */

/* Begin PBXFileReference section */
		4E91009F23829E6800DD195A /* EES.app */ = {isa = PBXFileReference; explicitFileType = wrapper.application; includeInIndex = 0; path = EES.app; sourceTree = BUILT_PRODUCTS_DIR; };
		4E9100A223829E6800DD195A /* AppDelegate.h */ = {isa = PBXFileReference; lastKnownFileType = sourcecode.c.h; path = AppDelegate.h; sourceTree = "<group>"; };
		4E9100A323829E6800DD195A /* AppDelegate.m */ = {isa = PBXFileReference; lastKnownFileType = sourcecode.c.objc; path = AppDelegate.m; sourceTree = "<group>"; };
		4E9100A523829E6800DD195A /* SceneDelegate.h */ = {isa = PBXFileReference; lastKnownFileType = sourcecode.c.h; path = SceneDelegate.h; sourceTree = "<group>"; };
		4E9100A623829E6800DD195A /* SceneDelegate.m */ = {isa = PBXFileReference; lastKnownFileType = sourcecode.c.objc; path = SceneDelegate.m; sourceTree = "<group>"; };
		4E9100A823829E6800DD195A /* ViewController.h */ = {isa = PBXFileReference; lastKnownFileType = sourcecode.c.h; path = ViewController.h; sourceTree = "<group>"; };
		4E9100A923829E6800DD195A /* ViewController.m */ = {isa = PBXFileReference; lastKnownFileType = sourcecode.c.objc; path = ViewController.m; sourceTree = "<group>"; };
		4E9100AC23829E6800DD195A /* Base */ = {isa = PBXFileReference; lastKnownFileType = file.storyboard; name = Base; path = Base.lproj/Main.storyboard; sourceTree = "<group>"; };
		4E9100AE23829E6900DD195A /* Assets.xcassets */ = {isa = PBXFileReference; lastKnownFileType = folder.assetcatalog; path = Assets.xcassets; sourceTree = "<group>"; };
		4E9100B123829E6900DD195A /* Base */ = {isa = PBXFileReference; lastKnownFileType = file.storyboard; name = Base; path = Base.lproj/LaunchScreen.storyboard; sourceTree = "<group>"; };
		4E9100B323829E6900DD195A /* Info.plist */ = {isa = PBXFileReference; lastKnownFileType = text.plist.xml; path = Info.plist; sourceTree = "<group>"; };
		4E9100B423829E6900DD195A /* main.m */ = {isa = PBXFileReference; lastKnownFileType = sourcecode.c.objc; path = main.m; sourceTree = "<group>"; };
/* End PBXFileReference section */

/* Begin PBXFrameworksBuildPhase section */
		4E91009C23829E6800DD195A /* Frameworks */ = {
			isa = PBXFrameworksBuildPhase;
			buildActionMask = 2147483647;
			files = (
			);
			runOnlyForDeploymentPostprocessing = 0;
		};
/* End PBXFrameworksBuildPhase section */

/* Begin PBXGroup section */
		4E91009623829E6800DD195A = {
			isa = PBXGroup;
			children = (
				4E9100A123829E6800DD195A /* EES */,
				4E9100A023829E6800DD195A /* Products */,
			);
			sourceTree = "<group>";
		};
		4E9100A023829E6800DD195A /* Products */ = {
			isa = PBXGroup;
			children = (
				4E91009F23829E6800DD195A /* EES.app */,
			);
			name = Products;
			sourceTree = "<group>";
		};
		4E9100A123829E6800DD195A /* EES */ = {
			isa = PBXGroup;
			children = (
				4E9100A223829E6800DD195A /* AppDelegate.h */,
				4E9100A323829E6800DD195A /* AppDelegate.m */,
				4E9100A523829E6800DD195A /* SceneDelegate.h */,
				4E9100A623829E6800DD195A /* SceneDelegate.m */,
				4E9100A823829E6800DD195A /* ViewController.h */,
				4E9100A923829E6800DD195A /* ViewController.m */,
				4E9100AB23829E6800DD195A /* Main.storyboard */,
				4E9100AE23829E6900DD195A /* Assets.xcassets */,
				4E9100B023829E6900DD195A /* LaunchScreen.storyboard */,
				4E9100B323829E6900DD195A /* Info.plist */,
				4E9100B423829E6900DD195A /* main.m */,
			);
			path = EES;
			sourceTree = "<group>";
		};
/* End PBXGroup section */

/* Begin PBXNativeTarget section */
		4E91009E23829E6800DD195A /* EES */ = {
			isa = PBXNativeTarget;
			buildConfigurationList = 4E9100B823829E6900DD195A /* Build configuration list for PBXNativeTarget "EES" */;
			buildPhases = (
				4E91009B23829E6800DD195A /* Sources */,
				4E91009C23829E6800DD195A /* Frameworks */,
				4E91009D23829E6800DD195A /* Resources */,
			);
			buildRules = (
			);
			dependencies = (
			);
			name = EES;
			productName = EES;
			productReference = 4E91009F23829E6800DD195A /* EES.app */;
			productType = "com.apple.product-type.application";
		};
/* End PBXNativeTarget section */

/* Begin PBXProject section */
		4E91009723829E6800DD195A /* Project object */ = {
			isa = PBXProject;
			attributes = {
				LastUpgradeCheck = 1100;
				ORGANIZATIONNAME = Zivos;
				TargetAttributes = {
					4E91009E23829E6800DD195A = {
						CreatedOnToolsVersion = 11.0;
					};
				};
			};
			buildConfigurationList = 4E91009A23829E6800DD195A /* Build configuration list for PBXProject "EES" */;
			compatibilityVersion = "Xcode 9.3";
			developmentRegion = en;
			hasScannedForEncodings = 0;
			knownRegions = (
				en,
				Base,
			);
			mainGroup = 4E91009623829E6800DD195A;
			productRefGroup = 4E9100A023829E6800DD195A /* Products */;
			projectDirPath = "";
			projectRoot = "";
			targets = (
				4E91009E23829E6800DD195A /* EES */,
			);
		};
/* End PBXProject section */

/* Begin PBXResourcesBuildPhase section */
		4E91009D23829E6800DD195A /* Resources */ = {
			isa = PBXResourcesBuildPhase;
			buildActionMask = 2147483647;
			files = (
				4E9100B223829E6900DD195A /* LaunchScreen.storyboard in Resources */,
				4E9100AF23829E6900DD195A /* Assets.xcassets in Resources */,
				4E9100AD23829E6800DD195A /* Main.storyboard in Resources */,
			);
			runOnlyForDeploymentPostprocessing = 0;
		};
/* End PBXResourcesBuildPhase section */

/* Begin PBXSourcesBuildPhase section */
		4E91009B23829E6800DD195A /* Sources */ = {
			isa = PBXSourcesBuildPhase;
			buildActionMask = 2147483647;
			files = (
				4E9100AA23829E6800DD195A /* ViewController.m in Sources */,
				4E9100A423829E6800DD195A /* AppDelegate.m in Sources */,
				4E9100B523829E6900DD195A /* main.m in Sources */,
				4E9100A723829E6800DD195A /* SceneDelegate.m in Sources */,
			);
			runOnlyForDeploymentPostprocessing = 0;
		};
/* End PBXSourcesBuildPhase section */

/* Begin PBXVariantGroup section */
		4E9100AB23829E6800DD195A /* Main.storyboard */ = {
			isa = PBXVariantGroup;
			children = (
				4E9100AC23829E6800DD195A /* Base */,
			);
			name = Main.storyboard;
			sourceTree = "<group>";
		};
		4E9100B023829E6900DD195A /* LaunchScreen.storyboard */ = {
			isa = PBXVariantGroup;
			children = (
				4E9100B123829E6900DD195A /* Base */,
			);
			name = LaunchScreen.storyboard;
			sourceTree = "<group>";
		};
/* End PBXVariantGroup section */

/* Begin XCBuildConfiguration section */
		4E9100B623829E6900DD195A /* Debug */ = {
			isa = XCBuildConfiguration;
			buildSettings = {
				ALWAYS_SEARCH_USER_PATHS = NO;
				CLANG_ANALYZER_NONNULL = YES;
				CLANG_ANALYZER_NUMBER_OBJECT_CONVERSION = YES_AGGRESSIVE;
				CLANG_CXX_LANGUAGE_STANDARD = "gnu++14";
				CLANG_CXX_LIBRARY = "libc++";
				CLANG_ENABLE_MODULES = YES;
				CLANG_ENABLE_OBJC_ARC = YES;
				CLANG_ENABLE_OBJC_WEAK = YES;
				CLANG_WARN_BLOCK_CAPTURE_AUTORELEASING = YES;
				CLANG_WARN_BOOL_CONVERSION = YES;
				CLANG_WARN_COMMA = YES;
				CLANG_WARN_CONSTANT_CONVERSION = YES;
				CLANG_WARN_DEPRECATED_OBJC_IMPLEMENTATIONS = YES;
				CLANG_WARN_DIRECT_OBJC_ISA_USAGE = YES_ERROR;
				CLANG_WARN_DOCUMENTATION_COMMENTS = YES;
				CLANG_WARN_EMPTY_BODY = YES;
				CLANG_WARN_ENUM_CONVERSION = YES;
				CLANG_WARN_INFINITE_RECURSION = YES;
				CLANG_WARN_INT_CONVERSION = YES;
				CLANG_WARN_NON_LITERAL_NULL_CONVERSION = YES;
				CLANG_WARN_OBJC_IMPLICIT_RETAIN_SELF = YES;
				CLANG_WARN_OBJC_LITERAL_CONVERSION = YES;
				CLANG_WARN_OBJC_ROOT_CLASS = YES_ERROR;
				CLANG_WARN_RANGE_LOOP_ANALYSIS = YES;
				CLANG_WARN_STRICT_PROTOTYPES = YES;
				CLANG_WARN_SUSPICIOUS_MOVE = YES;
				CLANG_WARN_UNGUARDED_AVAILABILITY = YES_AGGRESSIVE;
				CLANG_WARN_UNREACHABLE_CODE = YES;
				CLANG_WARN__DUPLICATE_METHOD_MATCH = YES;
				COPY_PHASE_STRIP = NO;
				DEBUG_INFORMATION_FORMAT = dwarf;
				ENABLE_STRICT_OBJC_MSGSEND = YES;
				ENABLE_TESTABILITY = YES;
				GCC_C_LANGUAGE_STANDARD = gnu11;
				GCC_DYNAMIC_NO_PIC = NO;
				GCC_NO_COMMON_BLOCKS = YES;
				GCC_OPTIMIZATION_LEVEL = 0;
				GCC_PREPROCESSOR_DEFINITIONS = (
					"DEBUG=1",
					"$(inherited)",
				);
				GCC_WARN_64_TO_32_BIT_CONVERSION = YES;
				GCC_WARN_ABOUT_RETURN_TYPE = YES_ERROR;
				GCC_WARN_UNDECLARED_SELECTOR = YES;
				GCC_WARN_UNINITIALIZED_AUTOS = YES_AGGRESSIVE;
				GCC_WARN_UNUSED_FUNCTION = YES;
				GCC_WARN_UNUSED_VARIABLE = YES;
				IPHONEOS_DEPLOYMENT_TARGET = 13.0;
				MTL_ENABLE_DEBUG_INFO = INCLUDE_SOURCE;
				MTL_FAST_MATH = YES;
				ONLY_ACTIVE_ARCH = YES;
				SDKROOT = iphoneos;
			};
			name = Debug;
		};
		4E9100B723829E6900DD195A /* Release */ = {
			isa = XCBuildConfiguration;
			buildSettings = {
				ALWAYS_SEARCH_USER_PATHS = NO;
				CLANG_ANALYZER_NONNULL = YES;
				CLANG_ANALYZER_NUMBER_OBJECT_CONVERSION = YES_AGGRESSIVE;
				CLANG_CXX_LANGUAGE_STANDARD = "gnu++14";
				CLANG_CXX_LIBRARY = "libc++";
				CLANG_ENABLE_MODULES = YES;
				CLANG_ENABLE_OBJC_ARC = YES;
				CLANG_ENABLE_OBJC_WEAK = YES;
				CLANG_WARN_BLOCK_CAPTURE_AUTORELEASING = YES;
				CLANG_WARN_BOOL_CONVERSION = YES;
				CLANG_WARN_COMMA = YES;
				CLANG_WARN_CONSTANT_CONVERSION = YES;
				CLANG_WARN_DEPRECATED_OBJC_IMPLEMENTATIONS = YES;
				CLANG_WARN_DIRECT_OBJC_ISA_USAGE = YES_ERROR;
				CLANG_WARN_DOCUMENTATION_COMMENTS = YES;
				CLANG_WARN_EMPTY_BODY = YES;
				CLANG_WARN_ENUM_CONVERSION = YES;
				CLANG_WARN_INFINITE_RECURSION = YES;
				CLANG_WARN_INT_CONVERSION = YES;
				CLANG_WARN_NON_LITERAL_NULL_CONVERSION = YES;
				CLANG_WARN_OBJC_IMPLICIT_RETAIN_SELF = YES;
				CLANG_WARN_OBJC_LITERAL_CONVERSION = YES;
				CLANG_WARN_OBJC_ROOT_CLASS = YES_ERROR;
				CLANG_WARN_RANGE_LOOP_ANALYSIS = YES;
				CLANG_WARN_STRICT_PROTOTYPES = YES;
				CLANG_WARN_SUSPICIOUS_MOVE = YES;
				CLANG_WARN_UNGUARDED_AVAILABILITY = YES_AGGRESSIVE;
				CLANG_WARN_UNREACHABLE_CODE = YES;
				CLANG_WARN__DUPLICATE_METHOD_MATCH = YES;
				COPY_PHASE_STRIP = NO;
				DEBUG_INFORMATION_FORMAT = "dwarf-with-dsym";
				ENABLE_NS_ASSERTIONS = NO;
				ENABLE_STRICT_OBJC_MSGSEND = YES;
				GCC_C_LANGUAGE_STANDARD = gnu11;
				GCC_NO_COMMON_BLOCKS = YES;
				GCC_WARN_64_TO_32_BIT_CONVERSION = YES;
				GCC_WARN_ABOUT_RETURN_TYPE = YES_ERROR;
				GCC_WARN_UNDECLARED_SELECTOR = YES;
				GCC_WARN_UNINITIALIZED_AUTOS = YES_AGGRESSIVE;
				GCC_WARN_UNUSED_FUNCTION = YES;
				GCC_WARN_UNUSED_VARIABLE = YES;
				IPHONEOS_DEPLOYMENT_TARGET = 13.0;
				MTL_ENABLE_DEBUG_INFO = NO;
				MTL_FAST_MATH = YES;
				SDKROOT = iphoneos;
				VALIDATE_PRODUCT = YES;
			};
			name = Release;
		};
		4E9100B923829E6900DD195A /* Debug */ = {
			isa = XCBuildConfiguration;
			buildSettings = {
				ASSETCATALOG_COMPILER_APPICON_NAME = AppIcon;
				CODE_SIGN_STYLE = Automatic;
				DEVELOPMENT_TEAM = 5Y3HHHZ63R;
				INFOPLIST_FILE = EES/Info.plist;
				LD_RUNPATH_SEARCH_PATHS = (
					"$(inherited)",
					"@executable_path/Frameworks",
				);
				PRODUCT_BUNDLE_IDENTIFIER = com.zivos.mes.EES;
				PRODUCT_NAME = "$(TARGET_NAME)";
				TARGETED_DEVICE_FAMILY = "1,2";
			};
			name = Debug;
		};
		4E9100BA23829E6900DD195A /* Release */ = {
			isa = XCBuildConfiguration;
			buildSettings = {
				ASSETCATALOG_COMPILER_APPICON_NAME = AppIcon;
				CODE_SIGN_STYLE = Automatic;
				DEVELOPMENT_TEAM = 5Y3HHHZ63R;
				INFOPLIST_FILE = EES/Info.plist;
				LD_RUNPATH_SEARCH_PATHS = (
					"$(inherited)",
					"@executable_path/Frameworks",
				);
				PRODUCT_BUNDLE_IDENTIFIER = com.zivos.mes.EES;
				PRODUCT_NAME = "$(TARGET_NAME)";
				TARGETED_DEVICE_FAMILY = "1,2";
			};
			name = Release;
		};
/* End XCBuildConfiguration section */

/* Begin XCConfigurationList section */
		4E91009A23829E6800DD195A /* Build configuration list for PBXProject "EES" */ = {
			isa = XCConfigurationList;
			buildConfigurations = (
				4E9100B623829E6900DD195A /* Debug */,
				4E9100B723829E6900DD195A /* Release */,
			);
			defaultConfigurationIsVisible = 0;
			defaultConfigurationName = Release;
		};
		4E9100B823829E6900DD195A /* Build configuration list for PBXNativeTarget "EES" */ = {
			isa = XCConfigurationList;
			buildConfigurations = (
				4E9100B923829E6900DD195A /* Debug */,
				4E9100BA23829E6900DD195A /* Release */,
			);
			defaultConfigurationIsVisible = 0;
			defaultConfigurationName = Release;
		};
/* End XCConfigurationList section */
	};
	rootObject = 4E91009723829E6800DD195A /* Project object */;
}
